// !$*UTF8*$!
{
	archiveVersion = 1;
	classes = {
	};
	objectVersion = 45;
	objects = {

/* Begin PBXBuildFile section */
		1D3623260D0F684500981E51 /* iPivotalAppDelegate.m in Sources */ = {isa = PBXBuildFile; fileRef = 1D3623250D0F684500981E51 /* iPivotalAppDelegate.m */; };
		1D60589B0D05DD56006BFB54 /* main.m in Sources */ = {isa = PBXBuildFile; fileRef = 29B97316FDCFA39411CA2CEA /* main.m */; };
		1D60589F0D05DD5A006BFB54 /* Foundation.framework in Frameworks */ = {isa = PBXBuildFile; fileRef = 1D30AB110D05D00D00671497 /* Foundation.framework */; };
		1DF5F4E00D08C38300B7A737 /* UIKit.framework in Frameworks */ = {isa = PBXBuildFile; fileRef = 1DF5F4DF0D08C38300B7A737 /* UIKit.framework */; };
		288765080DF74369002DB57D /* CoreGraphics.framework in Frameworks */ = {isa = PBXBuildFile; fileRef = 288765070DF74369002DB57D /* CoreGraphics.framework */; };
		28AD73880D9D96C1002E5188 /* TabBarWindow.xib in Resources */ = {isa = PBXBuildFile; fileRef = 28AD73870D9D96C1002E5188 /* TabBarWindow.xib */; };
		8C2A7DBE0FD07FF7005E00FB /* StoryViewController.m in Sources */ = {isa = PBXBuildFile; fileRef = 8C2A7DBD0FD07FF7005E00FB /* StoryViewController.m */; };
		8C2A7DC00FD08012005E00FB /* StoryViewController.xib in Resources */ = {isa = PBXBuildFile; fileRef = 8C2A7DBF0FD08012005E00FB /* StoryViewController.xib */; };
		8C3FD3B30FCF0A84004D8DD0 /* Default.png in Resources */ = {isa = PBXBuildFile; fileRef = 8C3FD3B10FCF0A84004D8DD0 /* Default.png */; };
		8C3FD3B40FCF0A84004D8DD0 /* Icon.png in Resources */ = {isa = PBXBuildFile; fileRef = 8C3FD3B20FCF0A84004D8DD0 /* Icon.png */; };
		8C3FD3BD0FCF0B5A004D8DD0 /* ASIFormDataRequest.m in Sources */ = {isa = PBXBuildFile; fileRef = 8C3FD3B70FCF0B5A004D8DD0 /* ASIFormDataRequest.m */; };
		8C3FD3BE0FCF0B5A004D8DD0 /* ASIHTTPRequest.m in Sources */ = {isa = PBXBuildFile; fileRef = 8C3FD3B90FCF0B5A004D8DD0 /* ASIHTTPRequest.m */; };
		8C3FD3BF0FCF0B5A004D8DD0 /* ASINetworkQueue.m in Sources */ = {isa = PBXBuildFile; fileRef = 8C3FD3BC0FCF0B5A004D8DD0 /* ASINetworkQueue.m */; };
		8C3FD3C20FCF0B62004D8DD0 /* NSHTTPCookieAdditions.m in Sources */ = {isa = PBXBuildFile; fileRef = 8C3FD3C10FCF0B62004D8DD0 /* NSHTTPCookieAdditions.m */; };
		8C3FD3C60FCF0B8B004D8DD0 /* NSDate+Nibware.m in Sources */ = {isa = PBXBuildFile; fileRef = 8C3FD3C40FCF0B8B004D8DD0 /* NSDate+Nibware.m */; };
		8C3FD3CA0FCF0BBD004D8DD0 /* CFNetwork.framework in Frameworks */ = {isa = PBXBuildFile; fileRef = 8C3FD3C90FCF0BBD004D8DD0 /* CFNetwork.framework */; };
		8C3FD3CE0FCF0BC5004D8DD0 /* libz.1.2.3.dylib in Frameworks */ = {isa = PBXBuildFile; fileRef = 8C3FD3CD0FCF0BC5004D8DD0 /* libz.1.2.3.dylib */; };
		8C3FD3FA0FCF1AD0004D8DD0 /* MainWindow.xib in Resources */ = {isa = PBXBuildFile; fileRef = 8C3FD3F90FCF1AD0004D8DD0 /* MainWindow.xib */; };
		8C3FD4330FCF1C94004D8DD0 /* ProjectsViewController.m in Sources */ = {isa = PBXBuildFile; fileRef = 8C3FD4320FCF1C94004D8DD0 /* ProjectsViewController.m */; };
		8C3FD4370FCF1CA7004D8DD0 /* ProjectsViewController.xib in Resources */ = {isa = PBXBuildFile; fileRef = 8C3FD4360FCF1CA7004D8DD0 /* ProjectsViewController.xib */; };
		8C3FD4760FCF285B004D8DD0 /* AuthenticationViewController.xib in Resources */ = {isa = PBXBuildFile; fileRef = 8C3FD4750FCF285B004D8DD0 /* AuthenticationViewController.xib */; };
		8C3FD47A0FCF28D2004D8DD0 /* AuthenticationViewController.m in Sources */ = {isa = PBXBuildFile; fileRef = 8C3FD4790FCF28D2004D8DD0 /* AuthenticationViewController.m */; };
		8C7188800FD5EEDB004A4233 /* EGOTitledTableViewCell.m in Sources */ = {isa = PBXBuildFile; fileRef = 8C71887E0FD5EEDB004A4233 /* EGOTitledTableViewCell.m */; };
		8C826A760FD1699F008F9E51 /* LabelCell.m in Sources */ = {isa = PBXBuildFile; fileRef = 8C826A750FD1699F008F9E51 /* LabelCell.m */; };
		8C826A780FD16A14008F9E51 /* LabelCell.xib in Resources */ = {isa = PBXBuildFile; fileRef = 8C826A770FD16A14008F9E51 /* LabelCell.xib */; };
		8C826A7D0FD16A44008F9E51 /* SelectionListViewController.m in Sources */ = {isa = PBXBuildFile; fileRef = 8C826A7C0FD16A44008F9E51 /* SelectionListViewController.m */; };
		8C826A7F0FD16A51008F9E51 /* SelectionListViewController.xib in Resources */ = {isa = PBXBuildFile; fileRef = 8C826A7E0FD16A51008F9E51 /* SelectionListViewController.xib */; };
		8C826AD40FD16D3B008F9E51 /* AddStoryViewController.m in Sources */ = {isa = PBXBuildFile; fileRef = 8C826AD30FD16D3B008F9E51 /* AddStoryViewController.m */; };
		8C826AD70FD16D7E008F9E51 /* AddStoryViewController.xib in Resources */ = {isa = PBXBuildFile; fileRef = 8C826AD60FD16D7E008F9E51 /* AddStoryViewController.xib */; };
		8CA098F60FCFB4A600846DBA /* IterationsViewController.m in Sources */ = {isa = PBXBuildFile; fileRef = 8CA098F50FCFB4A600846DBA /* IterationsViewController.m */; };
		8CA098F80FCFB4B900846DBA /* IterationsViewController.xib in Resources */ = {isa = PBXBuildFile; fileRef = 8CA098F70FCFB4B900846DBA /* IterationsViewController.xib */; };
		8CA099030FCFB62900846DBA /* PivotalIterations.m in Sources */ = {isa = PBXBuildFile; fileRef = 8CA099020FCFB62900846DBA /* PivotalIterations.m */; };
		8CA099060FCFB63000846DBA /* PivotalIteration.m in Sources */ = {isa = PBXBuildFile; fileRef = 8CA099050FCFB63000846DBA /* PivotalIteration.m */; };
		8CA099090FCFB65900846DBA /* PivotalIterationsParserDelegate.m in Sources */ = {isa = PBXBuildFile; fileRef = 8CA099080FCFB65900846DBA /* PivotalIterationsParserDelegate.m */; };
		8CA0990C0FCFB70600846DBA /* PivotalStories.m in Sources */ = {isa = PBXBuildFile; fileRef = 8CA0990B0FCFB70600846DBA /* PivotalStories.m */; };
		8CA0990F0FCFB70E00846DBA /* PivotalStory.m in Sources */ = {isa = PBXBuildFile; fileRef = 8CA0990E0FCFB70E00846DBA /* PivotalStory.m */; };
		8CA09A4C0FD029D100846DBA /* IterationCell.m in Sources */ = {isa = PBXBuildFile; fileRef = 8CA09A4B0FD029D100846DBA /* IterationCell.m */; };
		8CA09A4E0FD029DA00846DBA /* StoryCell.xib in Resources */ = {isa = PBXBuildFile; fileRef = 8CA09A4D0FD029DA00846DBA /* StoryCell.xib */; };
		8CA09B4B0FD0363400846DBA /* StoryCell.m in Sources */ = {isa = PBXBuildFile; fileRef = 8CA09B4A0FD0363400846DBA /* StoryCell.m */; };
		8CA09B5B0FD038A100846DBA /* chore.png in Resources */ = {isa = PBXBuildFile; fileRef = 8CA09B5A0FD038A100846DBA /* chore.png */; };
		8CA09B5D0FD038AA00846DBA /* feature.png in Resources */ = {isa = PBXBuildFile; fileRef = 8CA09B5C0FD038AA00846DBA /* feature.png */; };
		8CA09B9E0FD03A3D00846DBA /* release.png in Resources */ = {isa = PBXBuildFile; fileRef = 8CA09B9D0FD03A3D00846DBA /* release.png */; };
		8CA09C050FD04BEA00846DBA /* estimate_1pt.gif in Resources */ = {isa = PBXBuildFile; fileRef = 8CA09C010FD04BEA00846DBA /* estimate_1pt.gif */; };
		8CA09C060FD04BEA00846DBA /* estimate_2pt.gif in Resources */ = {isa = PBXBuildFile; fileRef = 8CA09C020FD04BEA00846DBA /* estimate_2pt.gif */; };
		8CA09C070FD04BEA00846DBA /* estimate_3pt.gif in Resources */ = {isa = PBXBuildFile; fileRef = 8CA09C030FD04BEA00846DBA /* estimate_3pt.gif */; };
		8CA09C080FD04BEA00846DBA /* estimate_unestimated.gif in Resources */ = {isa = PBXBuildFile; fileRef = 8CA09C040FD04BEA00846DBA /* estimate_unestimated.gif */; };
		8CA09C0A0FD04BF200846DBA /* bug.png in Resources */ = {isa = PBXBuildFile; fileRef = 8CA09C090FD04BF200846DBA /* bug.png */; };
		8CA09CEA0FD05B1300846DBA /* StoriesViewController.m in Sources */ = {isa = PBXBuildFile; fileRef = 8CA09CE90FD05B1300846DBA /* StoriesViewController.m */; };
		8CA09CEC0FD05B2300846DBA /* StoriesViewController.xib in Resources */ = {isa = PBXBuildFile; fileRef = 8CA09CEB0FD05B2300846DBA /* StoriesViewController.xib */; };
		8CA09D0E0FD05FB500846DBA /* PivotalStoriesParserDelegate.m in Sources */ = {isa = PBXBuildFile; fileRef = 8CA09D0D0FD05FB500846DBA /* PivotalStoriesParserDelegate.m */; };
		8CDB633B0FCF5685003AC065 /* PivotalResource.m in Sources */ = {isa = PBXBuildFile; fileRef = 8CDB633A0FCF5685003AC065 /* PivotalResource.m */; };
		8CDB63430FCF58B9003AC065 /* PivotalProjects.m in Sources */ = {isa = PBXBuildFile; fileRef = 8CDB63420FCF58B9003AC065 /* PivotalProjects.m */; };
		8CDB63460FCF5D69003AC065 /* PivotalResourceParserDelegate.m in Sources */ = {isa = PBXBuildFile; fileRef = 8CDB63450FCF5D69003AC065 /* PivotalResourceParserDelegate.m */; };
		8CDB63490FCF5D9E003AC065 /* PivotalProjectsParserDelegate.m in Sources */ = {isa = PBXBuildFile; fileRef = 8CDB63480FCF5D9E003AC065 /* PivotalProjectsParserDelegate.m */; };
		8CDB634C0FCF5DD0003AC065 /* PivotalProject.m in Sources */ = {isa = PBXBuildFile; fileRef = 8CDB634B0FCF5DD0003AC065 /* PivotalProject.m */; };
		8CDB63B10FCF86BA003AC065 /* ProjectCell.m in Sources */ = {isa = PBXBuildFile; fileRef = 8CDB63B00FCF86BA003AC065 /* ProjectCell.m */; };
		8CDB63B60FCF87D0003AC065 /* ProjectCell.xib in Resources */ = {isa = PBXBuildFile; fileRef = 8CDB63B50FCF87D0003AC065 /* ProjectCell.xib */; };
		8CDB645B0FCF8D45003AC065 /* lightbulb.png in Resources */ = {isa = PBXBuildFile; fileRef = 8CDB645A0FCF8D45003AC065 /* lightbulb.png */; };
/* End PBXBuildFile section */

/* Begin PBXFileReference section */
		1D30AB110D05D00D00671497 /* Foundation.framework */ = {isa = PBXFileReference; lastKnownFileType = wrapper.framework; name = Foundation.framework; path = System/Library/Frameworks/Foundation.framework; sourceTree = SDKROOT; };
		1D3623240D0F684500981E51 /* iPivotalAppDelegate.h */ = {isa = PBXFileReference; fileEncoding = 4; lastKnownFileType = sourcecode.c.h; path = iPivotalAppDelegate.h; sourceTree = "<group>"; };
		1D3623250D0F684500981E51 /* iPivotalAppDelegate.m */ = {isa = PBXFileReference; fileEncoding = 4; lastKnownFileType = sourcecode.c.objc; path = iPivotalAppDelegate.m; sourceTree = "<group>"; };
		1D6058910D05DD3D006BFB54 /* iPivotal.app */ = {isa = PBXFileReference; explicitFileType = wrapper.application; includeInIndex = 0; path = iPivotal.app; sourceTree = BUILT_PRODUCTS_DIR; };
		1DF5F4DF0D08C38300B7A737 /* UIKit.framework */ = {isa = PBXFileReference; lastKnownFileType = wrapper.framework; name = UIKit.framework; path = System/Library/Frameworks/UIKit.framework; sourceTree = SDKROOT; };
		288765070DF74369002DB57D /* CoreGraphics.framework */ = {isa = PBXFileReference; lastKnownFileType = wrapper.framework; name = CoreGraphics.framework; path = System/Library/Frameworks/CoreGraphics.framework; sourceTree = SDKROOT; };
		28A0AB4B0D9B1048005BE974 /* iPivotal_Prefix.pch */ = {isa = PBXFileReference; fileEncoding = 4; lastKnownFileType = sourcecode.c.h; path = iPivotal_Prefix.pch; sourceTree = "<group>"; };
		28AD73870D9D96C1002E5188 /* TabBarWindow.xib */ = {isa = PBXFileReference; lastKnownFileType = file.xib; path = TabBarWindow.xib; sourceTree = "<group>"; };
		29B97316FDCFA39411CA2CEA /* main.m */ = {isa = PBXFileReference; fileEncoding = 4; lastKnownFileType = sourcecode.c.objc; path = main.m; sourceTree = "<group>"; };
		8C2A7DBC0FD07FF7005E00FB /* StoryViewController.h */ = {isa = PBXFileReference; fileEncoding = 4; lastKnownFileType = sourcecode.c.h; path = StoryViewController.h; sourceTree = "<group>"; };
		8C2A7DBD0FD07FF7005E00FB /* StoryViewController.m */ = {isa = PBXFileReference; fileEncoding = 4; lastKnownFileType = sourcecode.c.objc; path = StoryViewController.m; sourceTree = "<group>"; };
		8C2A7DBF0FD08012005E00FB /* StoryViewController.xib */ = {isa = PBXFileReference; lastKnownFileType = file.xib; path = StoryViewController.xib; sourceTree = "<group>"; };
		8C3FD3B10FCF0A84004D8DD0 /* Default.png */ = {isa = PBXFileReference; lastKnownFileType = image.png; path = Default.png; sourceTree = "<group>"; };
		8C3FD3B20FCF0A84004D8DD0 /* Icon.png */ = {isa = PBXFileReference; lastKnownFileType = image.png; path = Icon.png; sourceTree = "<group>"; };
		8C3FD3B70FCF0B5A004D8DD0 /* ASIFormDataRequest.m */ = {isa = PBXFileReference; fileEncoding = 4; lastKnownFileType = sourcecode.c.objc; path = ASIFormDataRequest.m; sourceTree = "<group>"; };
		8C3FD3B80FCF0B5A004D8DD0 /* ASINetworkQueue.h */ = {isa = PBXFileReference; fileEncoding = 4; lastKnownFileType = sourcecode.c.h; path = ASINetworkQueue.h; sourceTree = "<group>"; };
		8C3FD3B90FCF0B5A004D8DD0 /* ASIHTTPRequest.m */ = {isa = PBXFileReference; fileEncoding = 4; lastKnownFileType = sourcecode.c.objc; path = ASIHTTPRequest.m; sourceTree = "<group>"; };
		8C3FD3BA0FCF0B5A004D8DD0 /* ASIHTTPRequest.h */ = {isa = PBXFileReference; fileEncoding = 4; lastKnownFileType = sourcecode.c.h; path = ASIHTTPRequest.h; sourceTree = "<group>"; };
		8C3FD3BB0FCF0B5A004D8DD0 /* ASIFormDataRequest.h */ = {isa = PBXFileReference; fileEncoding = 4; lastKnownFileType = sourcecode.c.h; path = ASIFormDataRequest.h; sourceTree = "<group>"; };
		8C3FD3BC0FCF0B5A004D8DD0 /* ASINetworkQueue.m */ = {isa = PBXFileReference; fileEncoding = 4; lastKnownFileType = sourcecode.c.objc; path = ASINetworkQueue.m; sourceTree = "<group>"; };
		8C3FD3C00FCF0B62004D8DD0 /* NSHTTPCookieAdditions.h */ = {isa = PBXFileReference; fileEncoding = 4; lastKnownFileType = sourcecode.c.h; path = NSHTTPCookieAdditions.h; sourceTree = "<group>"; };
		8C3FD3C10FCF0B62004D8DD0 /* NSHTTPCookieAdditions.m */ = {isa = PBXFileReference; fileEncoding = 4; lastKnownFileType = sourcecode.c.objc; path = NSHTTPCookieAdditions.m; sourceTree = "<group>"; };
		8C3FD3C40FCF0B8B004D8DD0 /* NSDate+Nibware.m */ = {isa = PBXFileReference; fileEncoding = 4; lastKnownFileType = sourcecode.c.objc; path = "NSDate+Nibware.m"; sourceTree = "<group>"; };
		8C3FD3C50FCF0B8B004D8DD0 /* NSDate+Nibware.h */ = {isa = PBXFileReference; fileEncoding = 4; lastKnownFileType = sourcecode.c.h; path = "NSDate+Nibware.h"; sourceTree = "<group>"; };
		8C3FD3C90FCF0BBD004D8DD0 /* CFNetwork.framework */ = {isa = PBXFileReference; lastKnownFileType = wrapper.framework; name = CFNetwork.framework; path = System/Library/Frameworks/CFNetwork.framework; sourceTree = SDKROOT; };
		8C3FD3CD0FCF0BC5004D8DD0 /* libz.1.2.3.dylib */ = {isa = PBXFileReference; lastKnownFileType = "compiled.mach-o.dylib"; name = libz.1.2.3.dylib; path = usr/lib/libz.1.2.3.dylib; sourceTree = SDKROOT; };
		8C3FD3F90FCF1AD0004D8DD0 /* MainWindow.xib */ = {isa = PBXFileReference; lastKnownFileType = file.xib; path = MainWindow.xib; sourceTree = "<group>"; };
		8C3FD4310FCF1C94004D8DD0 /* ProjectsViewController.h */ = {isa = PBXFileReference; fileEncoding = 4; lastKnownFileType = sourcecode.c.h; path = ProjectsViewController.h; sourceTree = "<group>"; };
		8C3FD4320FCF1C94004D8DD0 /* ProjectsViewController.m */ = {isa = PBXFileReference; fileEncoding = 4; lastKnownFileType = sourcecode.c.objc; path = ProjectsViewController.m; sourceTree = "<group>"; };
		8C3FD4360FCF1CA7004D8DD0 /* ProjectsViewController.xib */ = {isa = PBXFileReference; lastKnownFileType = file.xib; path = ProjectsViewController.xib; sourceTree = "<group>"; };
		8C3FD4750FCF285B004D8DD0 /* AuthenticationViewController.xib */ = {isa = PBXFileReference; lastKnownFileType = file.xib; path = AuthenticationViewController.xib; sourceTree = "<group>"; };
		8C3FD4780FCF28D2004D8DD0 /* AuthenticationViewController.h */ = {isa = PBXFileReference; fileEncoding = 4; lastKnownFileType = sourcecode.c.h; path = AuthenticationViewController.h; sourceTree = "<group>"; };
		8C3FD4790FCF28D2004D8DD0 /* AuthenticationViewController.m */ = {isa = PBXFileReference; fileEncoding = 4; lastKnownFileType = sourcecode.c.objc; path = AuthenticationViewController.m; sourceTree = "<group>"; };
		8C3FD5930FCF31F9004D8DD0 /* ApplicationConstants.h */ = {isa = PBXFileReference; fileEncoding = 4; lastKnownFileType = sourcecode.c.h; path = ApplicationConstants.h; sourceTree = "<group>"; };
		8C71887E0FD5EEDB004A4233 /* EGOTitledTableViewCell.m */ = {isa = PBXFileReference; fileEncoding = 4; lastKnownFileType = sourcecode.c.objc; path = EGOTitledTableViewCell.m; sourceTree = "<group>"; };
		8C71887F0FD5EEDB004A4233 /* EGOTitledTableViewCell.h */ = {isa = PBXFileReference; fileEncoding = 4; lastKnownFileType = sourcecode.c.h; path = EGOTitledTableViewCell.h; sourceTree = "<group>"; };
		8C826A740FD1699F008F9E51 /* LabelCell.h */ = {isa = PBXFileReference; fileEncoding = 4; lastKnownFileType = sourcecode.c.h; path = LabelCell.h; sourceTree = "<group>"; };
		8C826A750FD1699F008F9E51 /* LabelCell.m */ = {isa = PBXFileReference; fileEncoding = 4; lastKnownFileType = sourcecode.c.objc; path = LabelCell.m; sourceTree = "<group>"; };
		8C826A770FD16A14008F9E51 /* LabelCell.xib */ = {isa = PBXFileReference; lastKnownFileType = file.xib; path = LabelCell.xib; sourceTree = "<group>"; };
		8C826A7B0FD16A44008F9E51 /* SelectionListViewController.h */ = {isa = PBXFileReference; fileEncoding = 4; lastKnownFileType = sourcecode.c.h; path = SelectionListViewController.h; sourceTree = "<group>"; };
		8C826A7C0FD16A44008F9E51 /* SelectionListViewController.m */ = {isa = PBXFileReference; fileEncoding = 4; lastKnownFileType = sourcecode.c.objc; path = SelectionListViewController.m; sourceTree = "<group>"; };
		8C826A7E0FD16A51008F9E51 /* SelectionListViewController.xib */ = {isa = PBXFileReference; lastKnownFileType = file.xib; path = SelectionListViewController.xib; sourceTree = "<group>"; };
		8C826AD20FD16D3B008F9E51 /* AddStoryViewController.h */ = {isa = PBXFileReference; fileEncoding = 4; lastKnownFileType = sourcecode.c.h; path = AddStoryViewController.h; sourceTree = "<group>"; };
		8C826AD30FD16D3B008F9E51 /* AddStoryViewController.m */ = {isa = PBXFileReference; fileEncoding = 4; lastKnownFileType = sourcecode.c.objc; path = AddStoryViewController.m; sourceTree = "<group>"; };
		8C826AD60FD16D7E008F9E51 /* AddStoryViewController.xib */ = {isa = PBXFileReference; lastKnownFileType = file.xib; path = AddStoryViewController.xib; sourceTree = "<group>"; };
		8CA098F40FCFB4A600846DBA /* IterationsViewController.h */ = {isa = PBXFileReference; fileEncoding = 4; lastKnownFileType = sourcecode.c.h; path = IterationsViewController.h; sourceTree = "<group>"; };
		8CA098F50FCFB4A600846DBA /* IterationsViewController.m */ = {isa = PBXFileReference; fileEncoding = 4; lastKnownFileType = sourcecode.c.objc; path = IterationsViewController.m; sourceTree = "<group>"; };
		8CA098F70FCFB4B900846DBA /* IterationsViewController.xib */ = {isa = PBXFileReference; lastKnownFileType = file.xib; path = IterationsViewController.xib; sourceTree = "<group>"; };
		8CA099010FCFB62900846DBA /* PivotalIterations.h */ = {isa = PBXFileReference; fileEncoding = 4; lastKnownFileType = sourcecode.c.h; path = PivotalIterations.h; sourceTree = "<group>"; };
		8CA099020FCFB62900846DBA /* PivotalIterations.m */ = {isa = PBXFileReference; fileEncoding = 4; lastKnownFileType = sourcecode.c.objc; path = PivotalIterations.m; sourceTree = "<group>"; };
		8CA099040FCFB63000846DBA /* PivotalIteration.h */ = {isa = PBXFileReference; fileEncoding = 4; lastKnownFileType = sourcecode.c.h; path = PivotalIteration.h; sourceTree = "<group>"; };
		8CA099050FCFB63000846DBA /* PivotalIteration.m */ = {isa = PBXFileReference; fileEncoding = 4; lastKnownFileType = sourcecode.c.objc; path = PivotalIteration.m; sourceTree = "<group>"; };
		8CA099070FCFB65900846DBA /* PivotalIterationsParserDelegate.h */ = {isa = PBXFileReference; fileEncoding = 4; lastKnownFileType = sourcecode.c.h; path = PivotalIterationsParserDelegate.h; sourceTree = "<group>"; };
		8CA099080FCFB65900846DBA /* PivotalIterationsParserDelegate.m */ = {isa = PBXFileReference; fileEncoding = 4; lastKnownFileType = sourcecode.c.objc; path = PivotalIterationsParserDelegate.m; sourceTree = "<group>"; };
		8CA0990A0FCFB70600846DBA /* PivotalStories.h */ = {isa = PBXFileReference; fileEncoding = 4; lastKnownFileType = sourcecode.c.h; path = PivotalStories.h; sourceTree = "<group>"; };
		8CA0990B0FCFB70600846DBA /* PivotalStories.m */ = {isa = PBXFileReference; fileEncoding = 4; lastKnownFileType = sourcecode.c.objc; path = PivotalStories.m; sourceTree = "<group>"; };
		8CA0990D0FCFB70E00846DBA /* PivotalStory.h */ = {isa = PBXFileReference; fileEncoding = 4; lastKnownFileType = sourcecode.c.h; path = PivotalStory.h; sourceTree = "<group>"; };
		8CA0990E0FCFB70E00846DBA /* PivotalStory.m */ = {isa = PBXFileReference; fileEncoding = 4; lastKnownFileType = sourcecode.c.objc; path = PivotalStory.m; sourceTree = "<group>"; };
		8CA09A4A0FD029D100846DBA /* IterationCell.h */ = {isa = PBXFileReference; fileEncoding = 4; lastKnownFileType = sourcecode.c.h; path = IterationCell.h; sourceTree = "<group>"; };
		8CA09A4B0FD029D100846DBA /* IterationCell.m */ = {isa = PBXFileReference; fileEncoding = 4; lastKnownFileType = sourcecode.c.objc; path = IterationCell.m; sourceTree = "<group>"; };
		8CA09A4D0FD029DA00846DBA /* StoryCell.xib */ = {isa = PBXFileReference; lastKnownFileType = file.xib; path = StoryCell.xib; sourceTree = "<group>"; };
		8CA09B490FD0363400846DBA /* StoryCell.h */ = {isa = PBXFileReference; fileEncoding = 4; lastKnownFileType = sourcecode.c.h; path = StoryCell.h; sourceTree = "<group>"; };
		8CA09B4A0FD0363400846DBA /* StoryCell.m */ = {isa = PBXFileReference; fileEncoding = 4; lastKnownFileType = sourcecode.c.objc; path = StoryCell.m; sourceTree = "<group>"; };
		8CA09B5A0FD038A100846DBA /* chore.png */ = {isa = PBXFileReference; lastKnownFileType = image.png; path = chore.png; sourceTree = "<group>"; };
		8CA09B5C0FD038AA00846DBA /* feature.png */ = {isa = PBXFileReference; lastKnownFileType = image.png; path = feature.png; sourceTree = "<group>"; };
		8CA09B9D0FD03A3D00846DBA /* release.png */ = {isa = PBXFileReference; lastKnownFileType = image.png; path = release.png; sourceTree = "<group>"; };
		8CA09C010FD04BEA00846DBA /* estimate_1pt.gif */ = {isa = PBXFileReference; lastKnownFileType = image.gif; path = estimate_1pt.gif; sourceTree = "<group>"; };
		8CA09C020FD04BEA00846DBA /* estimate_2pt.gif */ = {isa = PBXFileReference; lastKnownFileType = image.gif; path = estimate_2pt.gif; sourceTree = "<group>"; };
		8CA09C030FD04BEA00846DBA /* estimate_3pt.gif */ = {isa = PBXFileReference; lastKnownFileType = image.gif; path = estimate_3pt.gif; sourceTree = "<group>"; };
		8CA09C040FD04BEA00846DBA /* estimate_unestimated.gif */ = {isa = PBXFileReference; lastKnownFileType = image.gif; path = estimate_unestimated.gif; sourceTree = "<group>"; };
		8CA09C090FD04BF200846DBA /* bug.png */ = {isa = PBXFileReference; lastKnownFileType = image.png; path = bug.png; sourceTree = "<group>"; };
		8CA09CE80FD05B1300846DBA /* StoriesViewController.h */ = {isa = PBXFileReference; fileEncoding = 4; lastKnownFileType = sourcecode.c.h; path = StoriesViewController.h; sourceTree = "<group>"; };
		8CA09CE90FD05B1300846DBA /* StoriesViewController.m */ = {isa = PBXFileReference; fileEncoding = 4; lastKnownFileType = sourcecode.c.objc; path = StoriesViewController.m; sourceTree = "<group>"; };
		8CA09CEB0FD05B2300846DBA /* StoriesViewController.xib */ = {isa = PBXFileReference; lastKnownFileType = file.xib; path = StoriesViewController.xib; sourceTree = "<group>"; };
		8CA09D0C0FD05FB500846DBA /* PivotalStoriesParserDelegate.h */ = {isa = PBXFileReference; fileEncoding = 4; lastKnownFileType = sourcecode.c.h; path = PivotalStoriesParserDelegate.h; sourceTree = "<group>"; };
		8CA09D0D0FD05FB500846DBA /* PivotalStoriesParserDelegate.m */ = {isa = PBXFileReference; fileEncoding = 4; lastKnownFileType = sourcecode.c.objc; path = PivotalStoriesParserDelegate.m; sourceTree = "<group>"; };
		8CDB63390FCF5685003AC065 /* PivotalResource.h */ = {isa = PBXFileReference; fileEncoding = 4; lastKnownFileType = sourcecode.c.h; path = PivotalResource.h; sourceTree = "<group>"; };
		8CDB633A0FCF5685003AC065 /* PivotalResource.m */ = {isa = PBXFileReference; fileEncoding = 4; lastKnownFileType = sourcecode.c.objc; path = PivotalResource.m; sourceTree = "<group>"; };
		8CDB63410FCF58B9003AC065 /* PivotalProjects.h */ = {isa = PBXFileReference; fileEncoding = 4; lastKnownFileType = sourcecode.c.h; path = PivotalProjects.h; sourceTree = "<group>"; };
		8CDB63420FCF58B9003AC065 /* PivotalProjects.m */ = {isa = PBXFileReference; fileEncoding = 4; lastKnownFileType = sourcecode.c.objc; path = PivotalProjects.m; sourceTree = "<group>"; };
		8CDB63440FCF5D69003AC065 /* PivotalResourceParserDelegate.h */ = {isa = PBXFileReference; fileEncoding = 4; lastKnownFileType = sourcecode.c.h; path = PivotalResourceParserDelegate.h; sourceTree = "<group>"; };
		8CDB63450FCF5D69003AC065 /* PivotalResourceParserDelegate.m */ = {isa = PBXFileReference; fileEncoding = 4; lastKnownFileType = sourcecode.c.objc; path = PivotalResourceParserDelegate.m; sourceTree = "<group>"; };
		8CDB63470FCF5D9E003AC065 /* PivotalProjectsParserDelegate.h */ = {isa = PBXFileReference; fileEncoding = 4; lastKnownFileType = sourcecode.c.h; path = PivotalProjectsParserDelegate.h; sourceTree = "<group>"; };
		8CDB63480FCF5D9E003AC065 /* PivotalProjectsParserDelegate.m */ = {isa = PBXFileReference; fileEncoding = 4; lastKnownFileType = sourcecode.c.objc; path = PivotalProjectsParserDelegate.m; sourceTree = "<group>"; };
		8CDB634A0FCF5DD0003AC065 /* PivotalProject.h */ = {isa = PBXFileReference; fileEncoding = 4; lastKnownFileType = sourcecode.c.h; path = PivotalProject.h; sourceTree = "<group>"; };
		8CDB634B0FCF5DD0003AC065 /* PivotalProject.m */ = {isa = PBXFileReference; fileEncoding = 4; lastKnownFileType = sourcecode.c.objc; path = PivotalProject.m; sourceTree = "<group>"; };
		8CDB63AF0FCF86BA003AC065 /* ProjectCell.h */ = {isa = PBXFileReference; fileEncoding = 4; lastKnownFileType = sourcecode.c.h; path = ProjectCell.h; sourceTree = "<group>"; };
		8CDB63B00FCF86BA003AC065 /* ProjectCell.m */ = {isa = PBXFileReference; fileEncoding = 4; lastKnownFileType = sourcecode.c.objc; path = ProjectCell.m; sourceTree = "<group>"; };
		8CDB63B50FCF87D0003AC065 /* ProjectCell.xib */ = {isa = PBXFileReference; lastKnownFileType = file.xib; path = ProjectCell.xib; sourceTree = "<group>"; };
		8CDB645A0FCF8D45003AC065 /* lightbulb.png */ = {isa = PBXFileReference; lastKnownFileType = image.png; path = lightbulb.png; sourceTree = "<group>"; };
		8D1107310486CEB800E47090 /* Info.plist */ = {isa = PBXFileReference; fileEncoding = 4; lastKnownFileType = text.plist.xml; path = Info.plist; sourceTree = "<group>"; };
/* End PBXFileReference section */

/* Begin PBXFrameworksBuildPhase section */
		1D60588F0D05DD3D006BFB54 /* Frameworks */ = {
			isa = PBXFrameworksBuildPhase;
			buildActionMask = 2147483647;
			files = (
				1D60589F0D05DD5A006BFB54 /* Foundation.framework in Frameworks */,
				1DF5F4E00D08C38300B7A737 /* UIKit.framework in Frameworks */,
				288765080DF74369002DB57D /* CoreGraphics.framework in Frameworks */,
				8C3FD3CA0FCF0BBD004D8DD0 /* CFNetwork.framework in Frameworks */,
				8C3FD3CE0FCF0BC5004D8DD0 /* libz.1.2.3.dylib in Frameworks */,
			);
			runOnlyForDeploymentPostprocessing = 0;
		};
/* End PBXFrameworksBuildPhase section */

/* Begin PBXGroup section */
		080E96DDFE201D6D7F000001 /* Classes */ = {
			isa = PBXGroup;
			children = (
				8C5224840FD0941F0090C625 /* Lists */,
				8CA098F30FCFB47A00846DBA /* Controllers */,
				8CDB63AE0FCF86A9003AC065 /* Views */,
				8CDB632C0FCF4FF0003AC065 /* Domain */,
				8C3FD3C30FCF0B7C004D8DD0 /* Categories */,
				8C3FD3B60FCF0B29004D8DD0 /* ASI HTTP Library */,
				1D3623240D0F684500981E51 /* iPivotalAppDelegate.h */,
				1D3623250D0F684500981E51 /* iPivotalAppDelegate.m */,
			);
			path = Classes;
			sourceTree = "<group>";
		};
		19C28FACFE9D520D11CA2CBB /* Products */ = {
			isa = PBXGroup;
			children = (
				1D6058910D05DD3D006BFB54 /* iPivotal.app */,
			);
			name = Products;
			sourceTree = "<group>";
		};
		29B97314FDCFA39411CA2CEA /* iPivotal */ = {
			isa = PBXGroup;
			children = (
				080E96DDFE201D6D7F000001 /* Classes */,
				29B97315FDCFA39411CA2CEA /* Other Sources */,
				29B97317FDCFA39411CA2CEA /* Resources */,
				29B97323FDCFA39411CA2CEA /* Frameworks */,
				19C28FACFE9D520D11CA2CBB /* Products */,
				8C3FD3C90FCF0BBD004D8DD0 /* CFNetwork.framework */,
				8C3FD3CD0FCF0BC5004D8DD0 /* libz.1.2.3.dylib */,
			);
			name = iPivotal;
			sourceTree = "<group>";
		};
		29B97315FDCFA39411CA2CEA /* Other Sources */ = {
			isa = PBXGroup;
			children = (
				28A0AB4B0D9B1048005BE974 /* iPivotal_Prefix.pch */,
				29B97316FDCFA39411CA2CEA /* main.m */,
				8C3FD5930FCF31F9004D8DD0 /* ApplicationConstants.h */,
			);
			name = "Other Sources";
			sourceTree = "<group>";
		};
		29B97317FDCFA39411CA2CEA /* Resources */ = {
			isa = PBXGroup;
			children = (
				8CDB63B30FCF87BD003AC065 /* IBFiles */,
				8C3FD3B00FCF0A4D004D8DD0 /* Images */,
				8D1107310486CEB800E47090 /* Info.plist */,
			);
			name = Resources;
			sourceTree = "<group>";
		};
		29B97323FDCFA39411CA2CEA /* Frameworks */ = {
			isa = PBXGroup;
			children = (
				1DF5F4DF0D08C38300B7A737 /* UIKit.framework */,
				1D30AB110D05D00D00671497 /* Foundation.framework */,
				288765070DF74369002DB57D /* CoreGraphics.framework */,
			);
			name = Frameworks;
			sourceTree = "<group>";
		};
		8C3FD3B00FCF0A4D004D8DD0 /* Images */ = {
			isa = PBXGroup;
			children = (
				8CDB64590FCF8D3C003AC065 /* Icons */,
				8C3FD3B10FCF0A84004D8DD0 /* Default.png */,
				8C3FD3B20FCF0A84004D8DD0 /* Icon.png */,
			);
			name = Images;
			path = ../ipivotal/Images;
			sourceTree = "<group>";
		};
		8C3FD3B60FCF0B29004D8DD0 /* ASI HTTP Library */ = {
			isa = PBXGroup;
			children = (
				8C3FD3C00FCF0B62004D8DD0 /* NSHTTPCookieAdditions.h */,
				8C3FD3C10FCF0B62004D8DD0 /* NSHTTPCookieAdditions.m */,
				8C3FD3B70FCF0B5A004D8DD0 /* ASIFormDataRequest.m */,
				8C3FD3B80FCF0B5A004D8DD0 /* ASINetworkQueue.h */,
				8C3FD3B90FCF0B5A004D8DD0 /* ASIHTTPRequest.m */,
				8C3FD3BA0FCF0B5A004D8DD0 /* ASIHTTPRequest.h */,
				8C3FD3BB0FCF0B5A004D8DD0 /* ASIFormDataRequest.h */,
				8C3FD3BC0FCF0B5A004D8DD0 /* ASINetworkQueue.m */,
			);
			name = "ASI HTTP Library";
			sourceTree = "<group>";
		};
		8C3FD3C30FCF0B7C004D8DD0 /* Categories */ = {
			isa = PBXGroup;
			children = (
				8C3FD3C40FCF0B8B004D8DD0 /* NSDate+Nibware.m */,
				8C3FD3C50FCF0B8B004D8DD0 /* NSDate+Nibware.h */,
			);
			name = Categories;
			sourceTree = "<group>";
		};
		8C5224830FD094170090C625 /* Lists */ = {
			isa = PBXGroup;
			children = (
				8C826A7E0FD16A51008F9E51 /* SelectionListViewController.xib */,
			);
			name = Lists;
			sourceTree = "<group>";
		};
		8C5224840FD0941F0090C625 /* Lists */ = {
			isa = PBXGroup;
			children = (
				8C826A7B0FD16A44008F9E51 /* SelectionListViewController.h */,
				8C826A7C0FD16A44008F9E51 /* SelectionListViewController.m */,
			);
			name = Lists;
			sourceTree = "<group>";
		};
		8CA098F30FCFB47A00846DBA /* Controllers */ = {
			isa = PBXGroup;
			children = (
				8C826AD20FD16D3B008F9E51 /* AddStoryViewController.h */,
				8C826AD30FD16D3B008F9E51 /* AddStoryViewController.m */,
				8C3FD4310FCF1C94004D8DD0 /* ProjectsViewController.h */,
				8C3FD4320FCF1C94004D8DD0 /* ProjectsViewController.m */,
				8C3FD4780FCF28D2004D8DD0 /* AuthenticationViewController.h */,
				8C3FD4790FCF28D2004D8DD0 /* AuthenticationViewController.m */,
				8CA098F40FCFB4A600846DBA /* IterationsViewController.h */,
				8CA098F50FCFB4A600846DBA /* IterationsViewController.m */,
				8CA09CE80FD05B1300846DBA /* StoriesViewController.h */,
				8CA09CE90FD05B1300846DBA /* StoriesViewController.m */,
				8C2A7DBC0FD07FF7005E00FB /* StoryViewController.h */,
				8C2A7DBD0FD07FF7005E00FB /* StoryViewController.m */,
			);
			name = Controllers;
			sourceTree = "<group>";
		};
		8CDB632C0FCF4FF0003AC065 /* Domain */ = {
			isa = PBXGroup;
			children = (
				8CDB632D0FCF4FF7003AC065 /* Parsers */,
				8CDB63390FCF5685003AC065 /* PivotalResource.h */,
				8CDB633A0FCF5685003AC065 /* PivotalResource.m */,
				8CDB63410FCF58B9003AC065 /* PivotalProjects.h */,
				8CDB63420FCF58B9003AC065 /* PivotalProjects.m */,
				8CDB634A0FCF5DD0003AC065 /* PivotalProject.h */,
				8CDB634B0FCF5DD0003AC065 /* PivotalProject.m */,
				8CA099010FCFB62900846DBA /* PivotalIterations.h */,
				8CA099020FCFB62900846DBA /* PivotalIterations.m */,
				8CA099040FCFB63000846DBA /* PivotalIteration.h */,
				8CA099050FCFB63000846DBA /* PivotalIteration.m */,
				8CA0990A0FCFB70600846DBA /* PivotalStories.h */,
				8CA0990B0FCFB70600846DBA /* PivotalStories.m */,
				8CA0990D0FCFB70E00846DBA /* PivotalStory.h */,
				8CA0990E0FCFB70E00846DBA /* PivotalStory.m */,
			);
			name = Domain;
			sourceTree = "<group>";
		};
		8CDB632D0FCF4FF7003AC065 /* Parsers */ = {
			isa = PBXGroup;
			children = (
				8CDB63440FCF5D69003AC065 /* PivotalResourceParserDelegate.h */,
				8CDB63450FCF5D69003AC065 /* PivotalResourceParserDelegate.m */,
				8CDB63470FCF5D9E003AC065 /* PivotalProjectsParserDelegate.h */,
				8CDB63480FCF5D9E003AC065 /* PivotalProjectsParserDelegate.m */,
				8CA099070FCFB65900846DBA /* PivotalIterationsParserDelegate.h */,
				8CA099080FCFB65900846DBA /* PivotalIterationsParserDelegate.m */,
				8CA09D0C0FD05FB500846DBA /* PivotalStoriesParserDelegate.h */,
				8CA09D0D0FD05FB500846DBA /* PivotalStoriesParserDelegate.m */,
			);
			name = Parsers;
			sourceTree = "<group>";
		};
		8CDB63AE0FCF86A9003AC065 /* Views */ = {
			isa = PBXGroup;
			children = (
				8C71887E0FD5EEDB004A4233 /* EGOTitledTableViewCell.m */,
				8C71887F0FD5EEDB004A4233 /* EGOTitledTableViewCell.h */,
				8CDB63AF0FCF86BA003AC065 /* ProjectCell.h */,
				8CDB63B00FCF86BA003AC065 /* ProjectCell.m */,
				8CA09A4A0FD029D100846DBA /* IterationCell.h */,
				8CA09A4B0FD029D100846DBA /* IterationCell.m */,
				8CA09B490FD0363400846DBA /* StoryCell.h */,
				8CA09B4A0FD0363400846DBA /* StoryCell.m */,
				8C826A740FD1699F008F9E51 /* LabelCell.h */,
				8C826A750FD1699F008F9E51 /* LabelCell.m */,
			);
			name = Views;
			sourceTree = "<group>";
		};
		8CDB63B30FCF87BD003AC065 /* IBFiles */ = {
			isa = PBXGroup;
			children = (
				8C5224830FD094170090C625 /* Lists */,
				8C3FD3F90FCF1AD0004D8DD0 /* MainWindow.xib */,
				8C3FD4360FCF1CA7004D8DD0 /* ProjectsViewController.xib */,
				8C3FD4750FCF285B004D8DD0 /* AuthenticationViewController.xib */,
				28AD73870D9D96C1002E5188 /* TabBarWindow.xib */,
				8CDB63B40FCF87C3003AC065 /* Cells */,
				8CA098F70FCFB4B900846DBA /* IterationsViewController.xib */,
				8CA09CEB0FD05B2300846DBA /* StoriesViewController.xib */,
				8C2A7DBF0FD08012005E00FB /* StoryViewController.xib */,
				8C826AD60FD16D7E008F9E51 /* AddStoryViewController.xib */,
			);
			name = IBFiles;
			sourceTree = "<group>";
		};
		8CDB63B40FCF87C3003AC065 /* Cells */ = {
			isa = PBXGroup;
			children = (
				8CDB63B50FCF87D0003AC065 /* ProjectCell.xib */,
				8CA09A4D0FD029DA00846DBA /* StoryCell.xib */,
				8C826A770FD16A14008F9E51 /* LabelCell.xib */,
			);
			name = Cells;
			sourceTree = "<group>";
		};
		8CDB64590FCF8D3C003AC065 /* Icons */ = {
			isa = PBXGroup;
			children = (
				8CA09C090FD04BF200846DBA /* bug.png */,
				8CA09C010FD04BEA00846DBA /* estimate_1pt.gif */,
				8CA09C020FD04BEA00846DBA /* estimate_2pt.gif */,
				8CA09C030FD04BEA00846DBA /* estimate_3pt.gif */,
				8CA09C040FD04BEA00846DBA /* estimate_unestimated.gif */,
				8CA09B9D0FD03A3D00846DBA /* release.png */,
				8CA09B5C0FD038AA00846DBA /* feature.png */,
				8CA09B5A0FD038A100846DBA /* chore.png */,
				8CDB645A0FCF8D45003AC065 /* lightbulb.png */,
			);
			name = Icons;
			sourceTree = "<group>";
		};
/* End PBXGroup section */

/* Begin PBXNativeTarget section */
		1D6058900D05DD3D006BFB54 /* iPivotal */ = {
			isa = PBXNativeTarget;
			buildConfigurationList = 1D6058960D05DD3E006BFB54 /* Build configuration list for PBXNativeTarget "iPivotal" */;
			buildPhases = (
				1D60588D0D05DD3D006BFB54 /* Resources */,
				1D60588E0D05DD3D006BFB54 /* Sources */,
				1D60588F0D05DD3D006BFB54 /* Frameworks */,
			);
			buildRules = (
			);
			dependencies = (
			);
			name = iPivotal;
			productName = iPivotal;
			productReference = 1D6058910D05DD3D006BFB54 /* iPivotal.app */;
			productType = "com.apple.product-type.application";
		};
/* End PBXNativeTarget section */

/* Begin PBXProject section */
		29B97313FDCFA39411CA2CEA /* Project object */ = {
			isa = PBXProject;
			buildConfigurationList = C01FCF4E08A954540054247B /* Build configuration list for PBXProject "iPivotal" */;
			compatibilityVersion = "Xcode 3.1";
			hasScannedForEncodings = 1;
			mainGroup = 29B97314FDCFA39411CA2CEA /* iPivotal */;
			projectDirPath = "";
			projectRoot = "";
			targets = (
				1D6058900D05DD3D006BFB54 /* iPivotal */,
			);
		};
/* End PBXProject section */

/* Begin PBXResourcesBuildPhase section */
		1D60588D0D05DD3D006BFB54 /* Resources */ = {
			isa = PBXResourcesBuildPhase;
			buildActionMask = 2147483647;
			files = (
				28AD73880D9D96C1002E5188 /* TabBarWindow.xib in Resources */,
				8C3FD3B30FCF0A84004D8DD0 /* Default.png in Resources */,
				8C3FD3B40FCF0A84004D8DD0 /* Icon.png in Resources */,
				8C3FD3FA0FCF1AD0004D8DD0 /* MainWindow.xib in Resources */,
				8C3FD4370FCF1CA7004D8DD0 /* ProjectsViewController.xib in Resources */,
				8C3FD4760FCF285B004D8DD0 /* AuthenticationViewController.xib in Resources */,
				8CDB63B60FCF87D0003AC065 /* ProjectCell.xib in Resources */,
				8CDB645B0FCF8D45003AC065 /* lightbulb.png in Resources */,
				8CA098F80FCFB4B900846DBA /* IterationsViewController.xib in Resources */,
				8CA09A4E0FD029DA00846DBA /* StoryCell.xib in Resources */,
				8CA09B5B0FD038A100846DBA /* chore.png in Resources */,
				8CA09B5D0FD038AA00846DBA /* feature.png in Resources */,
				8CA09B9E0FD03A3D00846DBA /* release.png in Resources */,
				8CA09C050FD04BEA00846DBA /* estimate_1pt.gif in Resources */,
				8CA09C060FD04BEA00846DBA /* estimate_2pt.gif in Resources */,
				8CA09C070FD04BEA00846DBA /* estimate_3pt.gif in Resources */,
				8CA09C080FD04BEA00846DBA /* estimate_unestimated.gif in Resources */,
				8CA09C0A0FD04BF200846DBA /* bug.png in Resources */,
				8CA09CEC0FD05B2300846DBA /* StoriesViewController.xib in Resources */,
				8C2A7DC00FD08012005E00FB /* StoryViewController.xib in Resources */,
				8C826A780FD16A14008F9E51 /* LabelCell.xib in Resources */,
				8C826A7F0FD16A51008F9E51 /* SelectionListViewController.xib in Resources */,
				8C826AD70FD16D7E008F9E51 /* AddStoryViewController.xib in Resources */,
			);
			runOnlyForDeploymentPostprocessing = 0;
		};
/* End PBXResourcesBuildPhase section */

/* Begin PBXSourcesBuildPhase section */
		1D60588E0D05DD3D006BFB54 /* Sources */ = {
			isa = PBXSourcesBuildPhase;
			buildActionMask = 2147483647;
			files = (
				1D60589B0D05DD56006BFB54 /* main.m in Sources */,
				1D3623260D0F684500981E51 /* iPivotalAppDelegate.m in Sources */,
				8C3FD3BD0FCF0B5A004D8DD0 /* ASIFormDataRequest.m in Sources */,
				8C3FD3BE0FCF0B5A004D8DD0 /* ASIHTTPRequest.m in Sources */,
				8C3FD3BF0FCF0B5A004D8DD0 /* ASINetworkQueue.m in Sources */,
				8C3FD3C20FCF0B62004D8DD0 /* NSHTTPCookieAdditions.m in Sources */,
				8C3FD3C60FCF0B8B004D8DD0 /* NSDate+Nibware.m in Sources */,
				8C3FD4330FCF1C94004D8DD0 /* ProjectsViewController.m in Sources */,
				8C3FD47A0FCF28D2004D8DD0 /* AuthenticationViewController.m in Sources */,
				8CDB633B0FCF5685003AC065 /* PivotalResource.m in Sources */,
				8CDB63430FCF58B9003AC065 /* PivotalProjects.m in Sources */,
				8CDB63460FCF5D69003AC065 /* PivotalResourceParserDelegate.m in Sources */,
				8CDB63490FCF5D9E003AC065 /* PivotalProjectsParserDelegate.m in Sources */,
				8CDB634C0FCF5DD0003AC065 /* PivotalProject.m in Sources */,
				8CDB63B10FCF86BA003AC065 /* ProjectCell.m in Sources */,
				8CA098F60FCFB4A600846DBA /* IterationsViewController.m in Sources */,
				8CA099030FCFB62900846DBA /* PivotalIterations.m in Sources */,
				8CA099060FCFB63000846DBA /* PivotalIteration.m in Sources */,
				8CA099090FCFB65900846DBA /* PivotalIterationsParserDelegate.m in Sources */,
				8CA0990C0FCFB70600846DBA /* PivotalStories.m in Sources */,
				8CA0990F0FCFB70E00846DBA /* PivotalStory.m in Sources */,
				8CA09A4C0FD029D100846DBA /* IterationCell.m in Sources */,
				8CA09B4B0FD0363400846DBA /* StoryCell.m in Sources */,
				8CA09CEA0FD05B1300846DBA /* StoriesViewController.m in Sources */,
				8CA09D0E0FD05FB500846DBA /* PivotalStoriesParserDelegate.m in Sources */,
				8C2A7DBE0FD07FF7005E00FB /* StoryViewController.m in Sources */,
				8C826A760FD1699F008F9E51 /* LabelCell.m in Sources */,
				8C826A7D0FD16A44008F9E51 /* SelectionListViewController.m in Sources */,
				8C826AD40FD16D3B008F9E51 /* AddStoryViewController.m in Sources */,
				8C7188800FD5EEDB004A4233 /* EGOTitledTableViewCell.m in Sources */,
			);
			runOnlyForDeploymentPostprocessing = 0;
		};
/* End PBXSourcesBuildPhase section */

/* Begin XCBuildConfiguration section */
		1D6058940D05DD3E006BFB54 /* Debug */ = {
			isa = XCBuildConfiguration;
			buildSettings = {
				ALWAYS_SEARCH_USER_PATHS = NO;
				COPY_PHASE_STRIP = NO;
				GCC_DYNAMIC_NO_PIC = NO;
				GCC_OPTIMIZATION_LEVEL = 0;
				GCC_PRECOMPILE_PREFIX_HEADER = YES;
				GCC_PREFIX_HEADER = iPivotal_Prefix.pch;
				INFOPLIST_FILE = Info.plist;
				PRODUCT_NAME = iPivotal;
			};
			name = Debug;
		};
		1D6058950D05DD3E006BFB54 /* Release */ = {
			isa = XCBuildConfiguration;
			buildSettings = {
				ALWAYS_SEARCH_USER_PATHS = NO;
				COPY_PHASE_STRIP = YES;
				GCC_PRECOMPILE_PREFIX_HEADER = YES;
				GCC_PREFIX_HEADER = iPivotal_Prefix.pch;
				INFOPLIST_FILE = Info.plist;
				PRODUCT_NAME = iPivotal;
			};
			name = Release;
		};
		C01FCF4F08A954540054247B /* Debug */ = {
			isa = XCBuildConfiguration;
			buildSettings = {
				ARCHS = "$(ARCHS_STANDARD_32_BIT)";
				"CODE_SIGN_IDENTITY[sdk=iphoneos*]" = "iPhone Developer: Mark Lussier";
				GCC_C_LANGUAGE_STANDARD = c99;
				GCC_WARN_ABOUT_RETURN_TYPE = YES;
				GCC_WARN_UNUSED_VARIABLE = YES;
				ONLY_ACTIVE_ARCH = YES;
				PREBINDING = NO;
				"PROVISIONING_PROFILE[sdk=iphoneos*]" = "11F68F84-9BFC-4BDE-A376-23343AECD38A";
				SDKROOT = iphoneos2.2.1;
			};
			name = Debug;
		};
		C01FCF5008A954540054247B /* Release */ = {
			isa = XCBuildConfiguration;
			buildSettings = {
				ARCHS = "$(ARCHS_STANDARD_32_BIT)";
				"CODE_SIGN_IDENTITY[sdk=iphoneos*]" = "iPhone Developer: Mark Lussier";
				GCC_C_LANGUAGE_STANDARD = c99;
				GCC_WARN_ABOUT_RETURN_TYPE = YES;
				GCC_WARN_UNUSED_VARIABLE = YES;
				PREBINDING = NO;
				"PROVISIONING_PROFILE[sdk=iphoneos*]" = "11F68F84-9BFC-4BDE-A376-23343AECD38A";
				SDKROOT = iphoneos2.2.1;
			};
			name = Release;
		};
/* End XCBuildConfiguration section */

/* Begin XCConfigurationList section */
		1D6058960D05DD3E006BFB54 /* Build configuration list for PBXNativeTarget "iPivotal" */ = {
			isa = XCConfigurationList;
			buildConfigurations = (
				1D6058940D05DD3E006BFB54 /* Debug */,
				1D6058950D05DD3E006BFB54 /* Release */,
			);
			defaultConfigurationIsVisible = 0;
			defaultConfigurationName = Release;
		};
		C01FCF4E08A954540054247B /* Build configuration list for PBXProject "iPivotal" */ = {
			isa = XCConfigurationList;
			buildConfigurations = (
				C01FCF4F08A954540054247B /* Debug */,
				C01FCF5008A954540054247B /* Release */,
			);
			defaultConfigurationIsVisible = 0;
			defaultConfigurationName = Release;
		};
/* End XCConfigurationList section */
	};
	rootObject = 29B97313FDCFA39411CA2CEA /* Project object */;
}
