// !$*UTF8*$!
{
	archiveVersion = 1;
	classes = {
	};
	objectVersion = 46;
	objects = {

/* Begin PBXBuildFile section */
		1D3623260D0F684500981E51 /* iPivotalAppDelegate.m in Sources */ = {isa = PBXBuildFile; fileRef = 1D3623250D0F684500981E51 /* iPivotalAppDelegate.m */; };
		1D60589B0D05DD56006BFB54 /* main.m in Sources */ = {isa = PBXBuildFile; fileRef = 29B97316FDCFA39411CA2CEA /* main.m */; };
		1D60589F0D05DD5A006BFB54 /* Foundation.framework in Frameworks */ = {isa = PBXBuildFile; fileRef = 1D30AB110D05D00D00671497 /* Foundation.framework */; };
		1DF5F4E00D08C38300B7A737 /* UIKit.framework in Frameworks */ = {isa = PBXBuildFile; fileRef = 1DF5F4DF0D08C38300B7A737 /* UIKit.framework */; };
		8C026B260FDC9829002CFEE0 /* LabelCell.m in Sources */ = {isa = PBXBuildFile; fileRef = 8C026B250FDC9829002CFEE0 /* LabelCell.m */; };
		8C026D4D0FDCA771002CFEE0 /* ListSelectionController.m in Sources */ = {isa = PBXBuildFile; fileRef = 8C026D4C0FDCA771002CFEE0 /* ListSelectionController.m */; };
		8C026D580FDCA96C002CFEE0 /* ListSelectionController.xib in Resources */ = {isa = PBXBuildFile; fileRef = 8C026D570FDCA96C002CFEE0 /* ListSelectionController.xib */; };
		8C222A3E1036669D00A75012 /* PivotalNote.m in Sources */ = {isa = PBXBuildFile; fileRef = 8C222A3D1036669D00A75012 /* PivotalNote.m */; };
		8C222B2B103744CE00A75012 /* StoryDetailViewController.m in Sources */ = {isa = PBXBuildFile; fileRef = 8C222B2A103744CE00A75012 /* StoryDetailViewController.m */; };
		8C222B2D103744E500A75012 /* StoryDetailViewController.xib in Resources */ = {isa = PBXBuildFile; fileRef = 8C222B2C103744E500A75012 /* StoryDetailViewController.xib */; };
		8C222E4D10378FA200A75012 /* button_green.png in Resources */ = {isa = PBXBuildFile; fileRef = 8C222E4910378FA200A75012 /* button_green.png */; };
		8C222E4E10378FA200A75012 /* button_grey_dark.png in Resources */ = {isa = PBXBuildFile; fileRef = 8C222E4A10378FA200A75012 /* button_grey_dark.png */; };
		8C222E4F10378FA200A75012 /* button_grey_light.png in Resources */ = {isa = PBXBuildFile; fileRef = 8C222E4B10378FA200A75012 /* button_grey_light.png */; };
		8C222E5010378FA200A75012 /* button_red.png in Resources */ = {isa = PBXBuildFile; fileRef = 8C222E4C10378FA200A75012 /* button_red.png */; };
		8C22322F1038DA4800A75012 /* CommentsController.m in Sources */ = {isa = PBXBuildFile; fileRef = 8C22322E1038DA4800A75012 /* CommentsController.m */; };
		8C2232311038DA5C00A75012 /* CommentsController.xib in Resources */ = {isa = PBXBuildFile; fileRef = 8C2232301038DA5C00A75012 /* CommentsController.xib */; };
		8C2232CA1038DED600A75012 /* CommentCell.m in Sources */ = {isa = PBXBuildFile; fileRef = 8C2232C91038DED600A75012 /* CommentCell.m */; };
		8C22334E1038E12F00A75012 /* CommentCell.xib in Resources */ = {isa = PBXBuildFile; fileRef = 8C22334D1038E12F00A75012 /* CommentCell.xib */; };
		8C255AA1103F5E2100DEE140 /* Localizable.strings in Resources */ = {isa = PBXBuildFile; fileRef = 8C255AA0103F5E2100DEE140 /* Localizable.strings */; };
		8C255AC7103F605100DEE140 /* AddCommentController.m in Sources */ = {isa = PBXBuildFile; fileRef = 8C255AC6103F605100DEE140 /* AddCommentController.m */; };
		8C255AC9103F606C00DEE140 /* AddComment.xib in Resources */ = {isa = PBXBuildFile; fileRef = 8C255AC8103F606C00DEE140 /* AddComment.xib */; };
		8C255C51103F7D0300DEE140 /* PivotalNoteParserDelegate.m in Sources */ = {isa = PBXBuildFile; fileRef = 8C255C50103F7D0300DEE140 /* PivotalNoteParserDelegate.m */; };
		8C3E6DEB0FF9C183005BCC4E /* 77-ekg.png in Resources */ = {isa = PBXBuildFile; fileRef = 8C3E6DEA0FF9C183005BCC4E /* 77-ekg.png */; };
		8C3FD3B40FCF0A84004D8DD0 /* Icon.png in Resources */ = {isa = PBXBuildFile; fileRef = 8C3FD3B20FCF0A84004D8DD0 /* Icon.png */; };
		8C3FD3C60FCF0B8B004D8DD0 /* NSDate+Nibware.m in Sources */ = {isa = PBXBuildFile; fileRef = 8C3FD3C40FCF0B8B004D8DD0 /* NSDate+Nibware.m */; };
		8C3FD3CA0FCF0BBD004D8DD0 /* CFNetwork.framework in Frameworks */ = {isa = PBXBuildFile; fileRef = 8C3FD3C90FCF0BBD004D8DD0 /* CFNetwork.framework */; };
		8C3FD3CE0FCF0BC5004D8DD0 /* libz.1.2.3.dylib in Frameworks */ = {isa = PBXBuildFile; fileRef = 8C3FD3CD0FCF0BC5004D8DD0 /* libz.1.2.3.dylib */; };
		8C3FD3FA0FCF1AD0004D8DD0 /* MainWindow.xib in Resources */ = {isa = PBXBuildFile; fileRef = 8C3FD3F90FCF1AD0004D8DD0 /* MainWindow.xib */; };
		8C3FD4330FCF1C94004D8DD0 /* ProjectsViewController.m in Sources */ = {isa = PBXBuildFile; fileRef = 8C3FD4320FCF1C94004D8DD0 /* ProjectsViewController.m */; };
		8C3FD4370FCF1CA7004D8DD0 /* ProjectsViewController.xib in Resources */ = {isa = PBXBuildFile; fileRef = 8C3FD4360FCF1CA7004D8DD0 /* ProjectsViewController.xib */; };
		8C3FD4760FCF285B004D8DD0 /* AuthenticationViewController.xib in Resources */ = {isa = PBXBuildFile; fileRef = 8C3FD4750FCF285B004D8DD0 /* AuthenticationViewController.xib */; };
		8C3FD47A0FCF28D2004D8DD0 /* AuthenticationViewController.m in Sources */ = {isa = PBXBuildFile; fileRef = 8C3FD4790FCF28D2004D8DD0 /* AuthenticationViewController.m */; };
		8C43293F1135C24700FC2B52 /* TaskViewController.m in Sources */ = {isa = PBXBuildFile; fileRef = 8C43293D1135C24700FC2B52 /* TaskViewController.m */; };
		8C4329401135C24700FC2B52 /* TaskViewController.xib in Resources */ = {isa = PBXBuildFile; fileRef = 8C43293E1135C24700FC2B52 /* TaskViewController.xib */; };
		8C4329891135C5F600FC2B52 /* TaskCell.m in Sources */ = {isa = PBXBuildFile; fileRef = 8C4329881135C5F600FC2B52 /* TaskCell.m */; };
		8C50D61A0FE1A86300F41900 /* Entitlements.plist in Resources */ = {isa = PBXBuildFile; fileRef = 8C50D6190FE1A86300F41900 /* Entitlements.plist */; };
		8C5619AC110FE6BF00AF33DC /* PivotalMembership.m in Sources */ = {isa = PBXBuildFile; fileRef = 8C5619AB110FE6BF00AF33DC /* PivotalMembership.m */; };
		8C561A04110FE9BE00AF33DC /* PivotalIntegration.m in Sources */ = {isa = PBXBuildFile; fileRef = 8C561A03110FE9BE00AF33DC /* PivotalIntegration.m */; };
		8C561A79110FF6E900AF33DC /* PivotalAttachment.m in Sources */ = {isa = PBXBuildFile; fileRef = 8C561A78110FF6E900AF33DC /* PivotalAttachment.m */; };
		8C561B9A111000BB00AF33DC /* ASIS3Request.m in Sources */ = {isa = PBXBuildFile; fileRef = 8C561B87111000BB00AF33DC /* ASIS3Request.m */; };
		8C561B9B111000BB00AF33DC /* ASIS3ListRequest.m in Sources */ = {isa = PBXBuildFile; fileRef = 8C561B89111000BB00AF33DC /* ASIS3ListRequest.m */; };
		8C561B9C111000BB00AF33DC /* ASIS3BucketObject.m in Sources */ = {isa = PBXBuildFile; fileRef = 8C561B8B111000BB00AF33DC /* ASIS3BucketObject.m */; };
		8C561B9D111000BB00AF33DC /* ASINSStringAdditions.m in Sources */ = {isa = PBXBuildFile; fileRef = 8C561B8D111000BB00AF33DC /* ASINSStringAdditions.m */; };
		8C561B9E111000BB00AF33DC /* ASINetworkQueue.m in Sources */ = {isa = PBXBuildFile; fileRef = 8C561B8F111000BB00AF33DC /* ASINetworkQueue.m */; };
		8C561B9F111000BB00AF33DC /* ASIInputStream.m in Sources */ = {isa = PBXBuildFile; fileRef = 8C561B91111000BB00AF33DC /* ASIInputStream.m */; };
		8C561BA0111000BB00AF33DC /* ASIHTTPRequest.m in Sources */ = {isa = PBXBuildFile; fileRef = 8C561B94111000BB00AF33DC /* ASIHTTPRequest.m */; };
		8C561BA1111000BB00AF33DC /* ASIFormDataRequest.m in Sources */ = {isa = PBXBuildFile; fileRef = 8C561B96111000BB00AF33DC /* ASIFormDataRequest.m */; };
		8C561BA2111000BB00AF33DC /* ASIAuthenticationDialog.m in Sources */ = {isa = PBXBuildFile; fileRef = 8C561B98111000BB00AF33DC /* ASIAuthenticationDialog.m */; };
		8C561DB6111011B200AF33DC /* PivotalTokenParserDelegate.m in Sources */ = {isa = PBXBuildFile; fileRef = 8C561DB5111011B200AF33DC /* PivotalTokenParserDelegate.m */; };
		8C587FEB111496E600C24B7A /* whiteArrow.png in Resources */ = {isa = PBXBuildFile; fileRef = 8C587FE8111496E600C24B7A /* whiteArrow.png */; };
		8C587FEC111496E600C24B7A /* blueArrow.png in Resources */ = {isa = PBXBuildFile; fileRef = 8C587FE9111496E600C24B7A /* blueArrow.png */; };
		8C587FED111496E600C24B7A /* blackArrow.png in Resources */ = {isa = PBXBuildFile; fileRef = 8C587FEA111496E600C24B7A /* blackArrow.png */; };
		8C5BC43E1039ABB40005A028 /* chat.png in Resources */ = {isa = PBXBuildFile; fileRef = 8C5BC43C1039ABB40005A028 /* chat.png */; };
		8C5BC43F1039ABB40005A028 /* chat_small.png in Resources */ = {isa = PBXBuildFile; fileRef = 8C5BC43D1039ABB40005A028 /* chat_small.png */; };
		8C5BC7E11039F9710005A028 /* CommentHeaderView.m in Sources */ = {isa = PBXBuildFile; fileRef = 8C5BC7E01039F9710005A028 /* CommentHeaderView.m */; };
		8C5BC8901039FEB50005A028 /* chat_small_inverted.png in Resources */ = {isa = PBXBuildFile; fileRef = 8C5BC88F1039FEB50005A028 /* chat_small_inverted.png */; };
		8C6BB35611110D2C008B5D56 /* MBProgressHUD.m in Sources */ = {isa = PBXBuildFile; fileRef = 8C6BB35411110D2C008B5D56 /* MBProgressHUD.m */; };
		8C6BF4A0114846970001939F /* DynamicCell.m in Sources */ = {isa = PBXBuildFile; fileRef = 8C6BF49F114846970001939F /* DynamicCell.m */; };
		8C6BF4A5114846FB0001939F /* NSSet+Core.m in Sources */ = {isa = PBXBuildFile; fileRef = 8C6BF4A4114846FB0001939F /* NSSet+Core.m */; };
		8C70E22A0FE3216E0074DE16 /* TextInputController.xib in Resources */ = {isa = PBXBuildFile; fileRef = 8C70E2290FE3216E0074DE16 /* TextInputController.xib */; };
		8C70E22E0FE321F30074DE16 /* TextFieldCell.m in Sources */ = {isa = PBXBuildFile; fileRef = 8C70E22D0FE321F30074DE16 /* TextFieldCell.m */; };
		8C762C7B111497F600A1FA85 /* QuartzCore.framework in Frameworks */ = {isa = PBXBuildFile; fileRef = 8C762C7A111497F600A1FA85 /* QuartzCore.framework */; };
		8C7C5F3E10155C5B002A4C52 /* SystemConfiguration.framework in Frameworks */ = {isa = PBXBuildFile; fileRef = 8C7C5F3D10155C5B002A4C52 /* SystemConfiguration.framework */; };
		8C7C5F6210155D49002A4C52 /* Reachability.m in Sources */ = {isa = PBXBuildFile; fileRef = 8C7C5F6110155D49002A4C52 /* Reachability.m */; };
		8C81C1111110AC6300378558 /* chat_medium.png in Resources */ = {isa = PBXBuildFile; fileRef = 8C81C1101110AC6300378558 /* chat_medium.png */; };
		8C81C1131110AC7F00378558 /* tag.png in Resources */ = {isa = PBXBuildFile; fileRef = 8C81C1121110AC7F00378558 /* tag.png */; };
		8C81C1181110ACE800378558 /* map-marker.png in Resources */ = {isa = PBXBuildFile; fileRef = 8C81C1171110ACE800378558 /* map-marker.png */; };
		8C81C1361110AF4F00378558 /* storyheader.png in Resources */ = {isa = PBXBuildFile; fileRef = 8C81C1351110AF4F00378558 /* storyheader.png */; };
		8C826A7F0FD16A51008F9E51 /* SelectionListViewController.xib in Resources */ = {isa = PBXBuildFile; fileRef = 8C826A7E0FD16A51008F9E51 /* SelectionListViewController.xib */; };
		8C826AD40FD16D3B008F9E51 /* AddStoryViewController.m in Sources */ = {isa = PBXBuildFile; fileRef = 8C826AD30FD16D3B008F9E51 /* AddStoryViewController.m */; };
		8C826AD70FD16D7E008F9E51 /* AddStoryViewController.xib in Resources */ = {isa = PBXBuildFile; fileRef = 8C826AD60FD16D7E008F9E51 /* AddStoryViewController.xib */; };
		8C870CD5112B72F8001EDF46 /* RefreshArrow.png in Resources */ = {isa = PBXBuildFile; fileRef = 8C870CD4112B72F8001EDF46 /* RefreshArrow.png */; };
		8C99682010422BD90079345A /* CoreGraphics.framework in Frameworks */ = {isa = PBXBuildFile; fileRef = 8C99681F10422BD90079345A /* CoreGraphics.framework */; };
		8C9E3EA6104B35210033A3F0 /* PivotalTask.m in Sources */ = {isa = PBXBuildFile; fileRef = 8C9E3EA5104B35210033A3F0 /* PivotalTask.m */; };
		8CA098F60FCFB4A600846DBA /* IterationsViewController.m in Sources */ = {isa = PBXBuildFile; fileRef = 8CA098F50FCFB4A600846DBA /* IterationsViewController.m */; };
		8CA098F80FCFB4B900846DBA /* IterationsViewController.xib in Resources */ = {isa = PBXBuildFile; fileRef = 8CA098F70FCFB4B900846DBA /* IterationsViewController.xib */; };
		8CA099030FCFB62900846DBA /* PivotalIterations.m in Sources */ = {isa = PBXBuildFile; fileRef = 8CA099020FCFB62900846DBA /* PivotalIterations.m */; };
		8CA099060FCFB63000846DBA /* PivotalIteration.m in Sources */ = {isa = PBXBuildFile; fileRef = 8CA099050FCFB63000846DBA /* PivotalIteration.m */; };
		8CA099090FCFB65900846DBA /* PivotalIterationsParserDelegate.m in Sources */ = {isa = PBXBuildFile; fileRef = 8CA099080FCFB65900846DBA /* PivotalIterationsParserDelegate.m */; };
		8CA0990C0FCFB70600846DBA /* PivotalStories.m in Sources */ = {isa = PBXBuildFile; fileRef = 8CA0990B0FCFB70600846DBA /* PivotalStories.m */; };
		8CA0990F0FCFB70E00846DBA /* PivotalStory.m in Sources */ = {isa = PBXBuildFile; fileRef = 8CA0990E0FCFB70E00846DBA /* PivotalStory.m */; };
		8CA09A4C0FD029D100846DBA /* IterationCell.m in Sources */ = {isa = PBXBuildFile; fileRef = 8CA09A4B0FD029D100846DBA /* IterationCell.m */; };
		8CA09B5B0FD038A100846DBA /* chore.png in Resources */ = {isa = PBXBuildFile; fileRef = 8CA09B5A0FD038A100846DBA /* chore.png */; };
		8CA09B5D0FD038AA00846DBA /* feature.png in Resources */ = {isa = PBXBuildFile; fileRef = 8CA09B5C0FD038AA00846DBA /* feature.png */; };
		8CA09B9E0FD03A3D00846DBA /* release.png in Resources */ = {isa = PBXBuildFile; fileRef = 8CA09B9D0FD03A3D00846DBA /* release.png */; };
		8CA09C050FD04BEA00846DBA /* estimate_1pt.gif in Resources */ = {isa = PBXBuildFile; fileRef = 8CA09C010FD04BEA00846DBA /* estimate_1pt.gif */; };
		8CA09C060FD04BEA00846DBA /* estimate_2pt.gif in Resources */ = {isa = PBXBuildFile; fileRef = 8CA09C020FD04BEA00846DBA /* estimate_2pt.gif */; };
		8CA09C070FD04BEA00846DBA /* estimate_3pt.gif in Resources */ = {isa = PBXBuildFile; fileRef = 8CA09C030FD04BEA00846DBA /* estimate_3pt.gif */; };
		8CA09C080FD04BEA00846DBA /* estimate_unestimated.gif in Resources */ = {isa = PBXBuildFile; fileRef = 8CA09C040FD04BEA00846DBA /* estimate_unestimated.gif */; };
		8CA09C0A0FD04BF200846DBA /* bug.png in Resources */ = {isa = PBXBuildFile; fileRef = 8CA09C090FD04BF200846DBA /* bug.png */; };
		8CA09CEA0FD05B1300846DBA /* StoriesViewController.m in Sources */ = {isa = PBXBuildFile; fileRef = 8CA09CE90FD05B1300846DBA /* StoriesViewController.m */; };
		8CA09CEC0FD05B2300846DBA /* StoriesViewController.xib in Resources */ = {isa = PBXBuildFile; fileRef = 8CA09CEB0FD05B2300846DBA /* StoriesViewController.xib */; };
		8CA09D0E0FD05FB500846DBA /* PivotalStoriesParserDelegate.m in Sources */ = {isa = PBXBuildFile; fileRef = 8CA09D0D0FD05FB500846DBA /* PivotalStoriesParserDelegate.m */; };
		8CA966FF1135A96C002152EE /* story_comment_icon.png in Resources */ = {isa = PBXBuildFile; fileRef = 8CA966FE1135A96C002152EE /* story_comment_icon.png */; };
		8CB92D5F1117DF9F005F20AE /* LabelInputCell.m in Sources */ = {isa = PBXBuildFile; fileRef = 8CB92D5E1117DF9F005F20AE /* LabelInputCell.m */; };
		8CBBB4A40FF9531700A32C37 /* PivotalActivities.m in Sources */ = {isa = PBXBuildFile; fileRef = 8CBBB4A30FF9531700A32C37 /* PivotalActivities.m */; };
		8CBBB4A70FF9532100A32C37 /* PivotalActivity.m in Sources */ = {isa = PBXBuildFile; fileRef = 8CBBB4A60FF9532100A32C37 /* PivotalActivity.m */; };
		8CBBB4AA0FF953BC00A32C37 /* PivotalActivityParserDelegate.m in Sources */ = {isa = PBXBuildFile; fileRef = 8CBBB4A90FF953BC00A32C37 /* PivotalActivityParserDelegate.m */; };
		8CBBB5160FF957D000A32C37 /* ActivityViewController.m in Sources */ = {isa = PBXBuildFile; fileRef = 8CBBB5150FF957D000A32C37 /* ActivityViewController.m */; };
		8CBBB5180FF957DB00A32C37 /* ActivityViewController.xib in Resources */ = {isa = PBXBuildFile; fileRef = 8CBBB5170FF957DB00A32C37 /* ActivityViewController.xib */; };
		8CC0E79410047A2800C7F6CB /* Default.png in Resources */ = {isa = PBXBuildFile; fileRef = 8CC0E79310047A2800C7F6CB /* Default.png */; };
		8CCB36080FD9635F00AEEE0E /* ImageLabelCell.m in Sources */ = {isa = PBXBuildFile; fileRef = 8CCB36070FD9635F00AEEE0E /* ImageLabelCell.m */; };
		8CCB37050FD9721400AEEE0E /* IterationHeaderView.m in Sources */ = {isa = PBXBuildFile; fileRef = 8CCB37040FD9721400AEEE0E /* IterationHeaderView.m */; };
		8CCEB6E41111E2AF00284B81 /* UITableViewCellContentView.m in Sources */ = {isa = PBXBuildFile; fileRef = 8CCEB6E21111E2AF00284B81 /* UITableViewCellContentView.m */; };
		8CD5BA14111232DA004B4553 /* AbstractHUDViewController.m in Sources */ = {isa = PBXBuildFile; fileRef = 8CD5BA13111232DA004B4553 /* AbstractHUDViewController.m */; };
		8CD5BA4B11123531004B4553 /* PlaceholderCell.m in Sources */ = {isa = PBXBuildFile; fileRef = 8CD5BA4A11123531004B4553 /* PlaceholderCell.m */; };
		8CD5BB4B1112514C004B4553 /* TitleLabelCell.m in Sources */ = {isa = PBXBuildFile; fileRef = 8CD5BB4A1112514C004B4553 /* TitleLabelCell.m */; };
		8CD5BB5711125246004B4553 /* ProjectInfoViewController.m in Sources */ = {isa = PBXBuildFile; fileRef = 8CD5BB5511125246004B4553 /* ProjectInfoViewController.m */; };
		8CD5BB5811125246004B4553 /* ProjectInfoViewController.xib in Resources */ = {isa = PBXBuildFile; fileRef = 8CD5BB5611125246004B4553 /* ProjectInfoViewController.xib */; };
		8CDB633B0FCF5685003AC065 /* PivotalResource.m in Sources */ = {isa = PBXBuildFile; fileRef = 8CDB633A0FCF5685003AC065 /* PivotalResource.m */; };
		8CDB63430FCF58B9003AC065 /* PivotalProjects.m in Sources */ = {isa = PBXBuildFile; fileRef = 8CDB63420FCF58B9003AC065 /* PivotalProjects.m */; };
		8CDB63460FCF5D69003AC065 /* PivotalResourceParserDelegate.m in Sources */ = {isa = PBXBuildFile; fileRef = 8CDB63450FCF5D69003AC065 /* PivotalResourceParserDelegate.m */; };
		8CDB63490FCF5D9E003AC065 /* PivotalProjectsParserDelegate.m in Sources */ = {isa = PBXBuildFile; fileRef = 8CDB63480FCF5D9E003AC065 /* PivotalProjectsParserDelegate.m */; };
		8CDB634C0FCF5DD0003AC065 /* PivotalProject.m in Sources */ = {isa = PBXBuildFile; fileRef = 8CDB634B0FCF5DD0003AC065 /* PivotalProject.m */; };
		8CDB645B0FCF8D45003AC065 /* lightbulb.png in Resources */ = {isa = PBXBuildFile; fileRef = 8CDB645A0FCF8D45003AC065 /* lightbulb.png */; };
		8CDB9C190FD9DBCA008B53D4 /* IterationStoryCell.m in Sources */ = {isa = PBXBuildFile; fileRef = 8CDB9C180FD9DBCA008B53D4 /* IterationStoryCell.m */; };
		8CDB9CD50FD9EA03008B53D4 /* CenteredLabelCell.m in Sources */ = {isa = PBXBuildFile; fileRef = 8CDB9CD40FD9EA03008B53D4 /* CenteredLabelCell.m */; };
		8CDB9DED0FD9F05E008B53D4 /* ActivityLabelCell.m in Sources */ = {isa = PBXBuildFile; fileRef = 8CDB9DEC0FD9F05E008B53D4 /* ActivityLabelCell.m */; };
		8CE039D2112B54C800E76306 /* CHANGELOG in Resources */ = {isa = PBXBuildFile; fileRef = 8CE039D1112B54C800E76306 /* CHANGELOG */; };
		8CE039DF112B570400E76306 /* EGORefreshTableHeaderView.m in Sources */ = {isa = PBXBuildFile; fileRef = 8CE039DC112B570400E76306 /* EGORefreshTableHeaderView.m */; };
		8CE039E0112B570400E76306 /* PullToRefreshTableViewController.m in Sources */ = {isa = PBXBuildFile; fileRef = 8CE039DE112B570400E76306 /* PullToRefreshTableViewController.m */; };
		8CE039E5112B574900E76306 /* SoundEffect.m in Sources */ = {isa = PBXBuildFile; fileRef = 8CE039E4112B574900E76306 /* SoundEffect.m */; };
		8CE039F7112B577400E76306 /* AudioToolbox.framework in Frameworks */ = {isa = PBXBuildFile; fileRef = 8CE039F6112B577400E76306 /* AudioToolbox.framework */; };
		8CF6169C111CC76D002C315C /* ToolbarDown.png in Resources */ = {isa = PBXBuildFile; fileRef = 8CF6169A111CC76D002C315C /* ToolbarDown.png */; };
		8CF6169D111CC76D002C315C /* ToolbarUp.png in Resources */ = {isa = PBXBuildFile; fileRef = 8CF6169B111CC76D002C315C /* ToolbarUp.png */; };
/* End PBXBuildFile section */

/* Begin PBXFileReference section */
		1D30AB110D05D00D00671497 /* Foundation.framework */ = {isa = PBXFileReference; lastKnownFileType = wrapper.framework; name = Foundation.framework; path = System/Library/Frameworks/Foundation.framework; sourceTree = SDKROOT; };
		1D3623240D0F684500981E51 /* iPivotalAppDelegate.h */ = {isa = PBXFileReference; fileEncoding = 4; lastKnownFileType = sourcecode.c.h; name = iPivotalAppDelegate.h; path = Classes/iPivotalAppDelegate.h; sourceTree = "<group>"; };
		1D3623250D0F684500981E51 /* iPivotalAppDelegate.m */ = {isa = PBXFileReference; fileEncoding = 4; lastKnownFileType = sourcecode.c.objc; name = iPivotalAppDelegate.m; path = Classes/iPivotalAppDelegate.m; sourceTree = "<group>"; };
		1D6058910D05DD3D006BFB54 /* PTCruiser.app */ = {isa = PBXFileReference; explicitFileType = wrapper.application; includeInIndex = 0; path = PTCruiser.app; sourceTree = BUILT_PRODUCTS_DIR; };
		1DF5F4DF0D08C38300B7A737 /* UIKit.framework */ = {isa = PBXFileReference; lastKnownFileType = wrapper.framework; name = UIKit.framework; path = System/Library/Frameworks/UIKit.framework; sourceTree = SDKROOT; };
		28A0AB4B0D9B1048005BE974 /* PTCruiser_Prefix.pch */ = {isa = PBXFileReference; fileEncoding = 4; lastKnownFileType = sourcecode.c.h; path = PTCruiser_Prefix.pch; sourceTree = "<group>"; };
		29B97316FDCFA39411CA2CEA /* main.m */ = {isa = PBXFileReference; fileEncoding = 4; lastKnownFileType = sourcecode.c.objc; path = main.m; sourceTree = "<group>"; };
		8C026B240FDC9829002CFEE0 /* LabelCell.h */ = {isa = PBXFileReference; fileEncoding = 4; lastKnownFileType = sourcecode.c.h; path = LabelCell.h; sourceTree = "<group>"; };
		8C026B250FDC9829002CFEE0 /* LabelCell.m */ = {isa = PBXFileReference; fileEncoding = 4; lastKnownFileType = sourcecode.c.objc; path = LabelCell.m; sourceTree = "<group>"; };
		8C026D4B0FDCA771002CFEE0 /* ListSelectionController.h */ = {isa = PBXFileReference; fileEncoding = 4; lastKnownFileType = sourcecode.c.h; path = ListSelectionController.h; sourceTree = "<group>"; };
		8C026D4C0FDCA771002CFEE0 /* ListSelectionController.m */ = {isa = PBXFileReference; fileEncoding = 4; lastKnownFileType = sourcecode.c.objc; path = ListSelectionController.m; sourceTree = "<group>"; };
		8C026D570FDCA96C002CFEE0 /* ListSelectionController.xib */ = {isa = PBXFileReference; lastKnownFileType = file.xib; path = ListSelectionController.xib; sourceTree = "<group>"; };
		8C222A3C1036669D00A75012 /* PivotalNote.h */ = {isa = PBXFileReference; fileEncoding = 4; lastKnownFileType = sourcecode.c.h; path = PivotalNote.h; sourceTree = "<group>"; };
		8C222A3D1036669D00A75012 /* PivotalNote.m */ = {isa = PBXFileReference; fileEncoding = 4; lastKnownFileType = sourcecode.c.objc; path = PivotalNote.m; sourceTree = "<group>"; };
		8C222B29103744CE00A75012 /* StoryDetailViewController.h */ = {isa = PBXFileReference; fileEncoding = 4; lastKnownFileType = sourcecode.c.h; path = StoryDetailViewController.h; sourceTree = "<group>"; };
		8C222B2A103744CE00A75012 /* StoryDetailViewController.m */ = {isa = PBXFileReference; fileEncoding = 4; lastKnownFileType = sourcecode.c.objc; path = StoryDetailViewController.m; sourceTree = "<group>"; };
		8C222B2C103744E500A75012 /* StoryDetailViewController.xib */ = {isa = PBXFileReference; lastKnownFileType = file.xib; path = StoryDetailViewController.xib; sourceTree = "<group>"; };
		8C222E4910378FA200A75012 /* button_green.png */ = {isa = PBXFileReference; lastKnownFileType = image.png; path = button_green.png; sourceTree = "<group>"; };
		8C222E4A10378FA200A75012 /* button_grey_dark.png */ = {isa = PBXFileReference; lastKnownFileType = image.png; path = button_grey_dark.png; sourceTree = "<group>"; };
		8C222E4B10378FA200A75012 /* button_grey_light.png */ = {isa = PBXFileReference; lastKnownFileType = image.png; path = button_grey_light.png; sourceTree = "<group>"; };
		8C222E4C10378FA200A75012 /* button_red.png */ = {isa = PBXFileReference; lastKnownFileType = image.png; path = button_red.png; sourceTree = "<group>"; };
		8C22322D1038DA4800A75012 /* CommentsController.h */ = {isa = PBXFileReference; fileEncoding = 4; lastKnownFileType = sourcecode.c.h; path = CommentsController.h; sourceTree = "<group>"; };
		8C22322E1038DA4800A75012 /* CommentsController.m */ = {isa = PBXFileReference; fileEncoding = 4; lastKnownFileType = sourcecode.c.objc; path = CommentsController.m; sourceTree = "<group>"; };
		8C2232301038DA5C00A75012 /* CommentsController.xib */ = {isa = PBXFileReference; lastKnownFileType = file.xib; path = CommentsController.xib; sourceTree = "<group>"; };
		8C2232C81038DED600A75012 /* CommentCell.h */ = {isa = PBXFileReference; fileEncoding = 4; lastKnownFileType = sourcecode.c.h; path = CommentCell.h; sourceTree = "<group>"; };
		8C2232C91038DED600A75012 /* CommentCell.m */ = {isa = PBXFileReference; fileEncoding = 4; lastKnownFileType = sourcecode.c.objc; path = CommentCell.m; sourceTree = "<group>"; };
		8C22334D1038E12F00A75012 /* CommentCell.xib */ = {isa = PBXFileReference; lastKnownFileType = file.xib; path = CommentCell.xib; sourceTree = "<group>"; };
		8C255A9E103F5E0F00DEE140 /* English */ = {isa = PBXFileReference; fileEncoding = 10; lastKnownFileType = text.plist.strings; name = English; path = English.lproj/Localizable.strings; sourceTree = "<group>"; };
		8C255AC5103F605100DEE140 /* AddCommentController.h */ = {isa = PBXFileReference; fileEncoding = 4; lastKnownFileType = sourcecode.c.h; path = AddCommentController.h; sourceTree = "<group>"; };
		8C255AC6103F605100DEE140 /* AddCommentController.m */ = {isa = PBXFileReference; fileEncoding = 4; lastKnownFileType = sourcecode.c.objc; path = AddCommentController.m; sourceTree = "<group>"; };
		8C255AC8103F606C00DEE140 /* AddComment.xib */ = {isa = PBXFileReference; lastKnownFileType = file.xib; path = AddComment.xib; sourceTree = "<group>"; };
		8C255C4F103F7D0300DEE140 /* PivotalNoteParserDelegate.h */ = {isa = PBXFileReference; fileEncoding = 4; lastKnownFileType = sourcecode.c.h; path = PivotalNoteParserDelegate.h; sourceTree = "<group>"; };
		8C255C50103F7D0300DEE140 /* PivotalNoteParserDelegate.m */ = {isa = PBXFileReference; fileEncoding = 4; lastKnownFileType = sourcecode.c.objc; path = PivotalNoteParserDelegate.m; sourceTree = "<group>"; };
		8C3E6DEA0FF9C183005BCC4E /* 77-ekg.png */ = {isa = PBXFileReference; lastKnownFileType = image.png; path = "77-ekg.png"; sourceTree = "<group>"; };
		8C3FD3B20FCF0A84004D8DD0 /* Icon.png */ = {isa = PBXFileReference; lastKnownFileType = image.png; path = Icon.png; sourceTree = "<group>"; };
		8C3FD3C40FCF0B8B004D8DD0 /* NSDate+Nibware.m */ = {isa = PBXFileReference; fileEncoding = 4; lastKnownFileType = sourcecode.c.objc; path = "NSDate+Nibware.m"; sourceTree = "<group>"; };
		8C3FD3C50FCF0B8B004D8DD0 /* NSDate+Nibware.h */ = {isa = PBXFileReference; fileEncoding = 4; lastKnownFileType = sourcecode.c.h; path = "NSDate+Nibware.h"; sourceTree = "<group>"; };
		8C3FD3C90FCF0BBD004D8DD0 /* CFNetwork.framework */ = {isa = PBXFileReference; lastKnownFileType = wrapper.framework; name = CFNetwork.framework; path = System/Library/Frameworks/CFNetwork.framework; sourceTree = SDKROOT; };
		8C3FD3CD0FCF0BC5004D8DD0 /* libz.1.2.3.dylib */ = {isa = PBXFileReference; lastKnownFileType = "compiled.mach-o.dylib"; name = libz.1.2.3.dylib; path = usr/lib/libz.1.2.3.dylib; sourceTree = SDKROOT; };
		8C3FD3F90FCF1AD0004D8DD0 /* MainWindow.xib */ = {isa = PBXFileReference; lastKnownFileType = file.xib; path = MainWindow.xib; sourceTree = "<group>"; };
		8C3FD4310FCF1C94004D8DD0 /* ProjectsViewController.h */ = {isa = PBXFileReference; fileEncoding = 4; lastKnownFileType = sourcecode.c.h; path = ProjectsViewController.h; sourceTree = "<group>"; };
		8C3FD4320FCF1C94004D8DD0 /* ProjectsViewController.m */ = {isa = PBXFileReference; fileEncoding = 4; lastKnownFileType = sourcecode.c.objc; path = ProjectsViewController.m; sourceTree = "<group>"; };
		8C3FD4360FCF1CA7004D8DD0 /* ProjectsViewController.xib */ = {isa = PBXFileReference; lastKnownFileType = file.xib; path = ProjectsViewController.xib; sourceTree = "<group>"; };
		8C3FD4750FCF285B004D8DD0 /* AuthenticationViewController.xib */ = {isa = PBXFileReference; lastKnownFileType = file.xib; path = AuthenticationViewController.xib; sourceTree = "<group>"; };
		8C3FD4780FCF28D2004D8DD0 /* AuthenticationViewController.h */ = {isa = PBXFileReference; fileEncoding = 4; lastKnownFileType = sourcecode.c.h; path = AuthenticationViewController.h; sourceTree = "<group>"; };
		8C3FD4790FCF28D2004D8DD0 /* AuthenticationViewController.m */ = {isa = PBXFileReference; fileEncoding = 4; lastKnownFileType = sourcecode.c.objc; path = AuthenticationViewController.m; sourceTree = "<group>"; };
		8C3FD5930FCF31F9004D8DD0 /* ApplicationConstants.h */ = {isa = PBXFileReference; fileEncoding = 4; lastKnownFileType = sourcecode.c.h; path = ApplicationConstants.h; sourceTree = "<group>"; };
		8C43293C1135C24700FC2B52 /* TaskViewController.h */ = {isa = PBXFileReference; fileEncoding = 4; lastKnownFileType = sourcecode.c.h; name = TaskViewController.h; path = ../TaskViewController.h; sourceTree = "<group>"; };
		8C43293D1135C24700FC2B52 /* TaskViewController.m */ = {isa = PBXFileReference; fileEncoding = 4; lastKnownFileType = sourcecode.c.objc; name = TaskViewController.m; path = ../TaskViewController.m; sourceTree = "<group>"; };
		8C43293E1135C24700FC2B52 /* TaskViewController.xib */ = {isa = PBXFileReference; lastKnownFileType = file.xib; path = TaskViewController.xib; sourceTree = "<group>"; };
		8C4329871135C5F600FC2B52 /* TaskCell.h */ = {isa = PBXFileReference; fileEncoding = 4; lastKnownFileType = sourcecode.c.h; path = TaskCell.h; sourceTree = "<group>"; };
		8C4329881135C5F600FC2B52 /* TaskCell.m */ = {isa = PBXFileReference; fileEncoding = 4; lastKnownFileType = sourcecode.c.objc; path = TaskCell.m; sourceTree = "<group>"; };
		8C50D6190FE1A86300F41900 /* Entitlements.plist */ = {isa = PBXFileReference; fileEncoding = 4; lastKnownFileType = text.plist.xml; path = Entitlements.plist; sourceTree = "<group>"; };
		8C5619AA110FE6BF00AF33DC /* PivotalMembership.h */ = {isa = PBXFileReference; fileEncoding = 4; lastKnownFileType = sourcecode.c.h; path = PivotalMembership.h; sourceTree = "<group>"; };
		8C5619AB110FE6BF00AF33DC /* PivotalMembership.m */ = {isa = PBXFileReference; fileEncoding = 4; lastKnownFileType = sourcecode.c.objc; path = PivotalMembership.m; sourceTree = "<group>"; };
		8C561A02110FE9BE00AF33DC /* PivotalIntegration.h */ = {isa = PBXFileReference; fileEncoding = 4; lastKnownFileType = sourcecode.c.h; path = PivotalIntegration.h; sourceTree = "<group>"; };
		8C561A03110FE9BE00AF33DC /* PivotalIntegration.m */ = {isa = PBXFileReference; fileEncoding = 4; lastKnownFileType = sourcecode.c.objc; path = PivotalIntegration.m; sourceTree = "<group>"; };
		8C561A77110FF6E900AF33DC /* PivotalAttachment.h */ = {isa = PBXFileReference; fileEncoding = 4; lastKnownFileType = sourcecode.c.h; path = PivotalAttachment.h; sourceTree = "<group>"; };
		8C561A78110FF6E900AF33DC /* PivotalAttachment.m */ = {isa = PBXFileReference; fileEncoding = 4; lastKnownFileType = sourcecode.c.objc; path = PivotalAttachment.m; sourceTree = "<group>"; };
		8C561B87111000BB00AF33DC /* ASIS3Request.m */ = {isa = PBXFileReference; fileEncoding = 4; lastKnownFileType = sourcecode.c.objc; path = ASIS3Request.m; sourceTree = "<group>"; };
		8C561B88111000BB00AF33DC /* ASIS3Request.h */ = {isa = PBXFileReference; fileEncoding = 4; lastKnownFileType = sourcecode.c.h; path = ASIS3Request.h; sourceTree = "<group>"; };
		8C561B89111000BB00AF33DC /* ASIS3ListRequest.m */ = {isa = PBXFileReference; fileEncoding = 4; lastKnownFileType = sourcecode.c.objc; path = ASIS3ListRequest.m; sourceTree = "<group>"; };
		8C561B8A111000BB00AF33DC /* ASIS3ListRequest.h */ = {isa = PBXFileReference; fileEncoding = 4; lastKnownFileType = sourcecode.c.h; path = ASIS3ListRequest.h; sourceTree = "<group>"; };
		8C561B8B111000BB00AF33DC /* ASIS3BucketObject.m */ = {isa = PBXFileReference; fileEncoding = 4; lastKnownFileType = sourcecode.c.objc; path = ASIS3BucketObject.m; sourceTree = "<group>"; };
		8C561B8C111000BB00AF33DC /* ASIS3BucketObject.h */ = {isa = PBXFileReference; fileEncoding = 4; lastKnownFileType = sourcecode.c.h; path = ASIS3BucketObject.h; sourceTree = "<group>"; };
		8C561B8D111000BB00AF33DC /* ASINSStringAdditions.m */ = {isa = PBXFileReference; fileEncoding = 4; lastKnownFileType = sourcecode.c.objc; path = ASINSStringAdditions.m; sourceTree = "<group>"; };
		8C561B8E111000BB00AF33DC /* ASINSStringAdditions.h */ = {isa = PBXFileReference; fileEncoding = 4; lastKnownFileType = sourcecode.c.h; path = ASINSStringAdditions.h; sourceTree = "<group>"; };
		8C561B8F111000BB00AF33DC /* ASINetworkQueue.m */ = {isa = PBXFileReference; fileEncoding = 4; lastKnownFileType = sourcecode.c.objc; path = ASINetworkQueue.m; sourceTree = "<group>"; };
		8C561B90111000BB00AF33DC /* ASINetworkQueue.h */ = {isa = PBXFileReference; fileEncoding = 4; lastKnownFileType = sourcecode.c.h; path = ASINetworkQueue.h; sourceTree = "<group>"; };
		8C561B91111000BB00AF33DC /* ASIInputStream.m */ = {isa = PBXFileReference; fileEncoding = 4; lastKnownFileType = sourcecode.c.objc; path = ASIInputStream.m; sourceTree = "<group>"; };
		8C561B92111000BB00AF33DC /* ASIInputStream.h */ = {isa = PBXFileReference; fileEncoding = 4; lastKnownFileType = sourcecode.c.h; path = ASIInputStream.h; sourceTree = "<group>"; };
		8C561B93111000BB00AF33DC /* ASIHTTPRequestConfig.h */ = {isa = PBXFileReference; fileEncoding = 4; lastKnownFileType = sourcecode.c.h; path = ASIHTTPRequestConfig.h; sourceTree = "<group>"; };
		8C561B94111000BB00AF33DC /* ASIHTTPRequest.m */ = {isa = PBXFileReference; fileEncoding = 4; lastKnownFileType = sourcecode.c.objc; path = ASIHTTPRequest.m; sourceTree = "<group>"; };
		8C561B95111000BB00AF33DC /* ASIHTTPRequest.h */ = {isa = PBXFileReference; fileEncoding = 4; lastKnownFileType = sourcecode.c.h; path = ASIHTTPRequest.h; sourceTree = "<group>"; };
		8C561B96111000BB00AF33DC /* ASIFormDataRequest.m */ = {isa = PBXFileReference; fileEncoding = 4; lastKnownFileType = sourcecode.c.objc; path = ASIFormDataRequest.m; sourceTree = "<group>"; };
		8C561B97111000BB00AF33DC /* ASIFormDataRequest.h */ = {isa = PBXFileReference; fileEncoding = 4; lastKnownFileType = sourcecode.c.h; path = ASIFormDataRequest.h; sourceTree = "<group>"; };
		8C561B98111000BB00AF33DC /* ASIAuthenticationDialog.m */ = {isa = PBXFileReference; fileEncoding = 4; lastKnownFileType = sourcecode.c.objc; path = ASIAuthenticationDialog.m; sourceTree = "<group>"; };
		8C561B99111000BB00AF33DC /* ASIAuthenticationDialog.h */ = {isa = PBXFileReference; fileEncoding = 4; lastKnownFileType = sourcecode.c.h; path = ASIAuthenticationDialog.h; sourceTree = "<group>"; };
		8C561DB4111011B200AF33DC /* PivotalTokenParserDelegate.h */ = {isa = PBXFileReference; fileEncoding = 4; lastKnownFileType = sourcecode.c.h; path = PivotalTokenParserDelegate.h; sourceTree = "<group>"; };
		8C561DB5111011B200AF33DC /* PivotalTokenParserDelegate.m */ = {isa = PBXFileReference; fileEncoding = 4; lastKnownFileType = sourcecode.c.objc; path = PivotalTokenParserDelegate.m; sourceTree = "<group>"; };
		8C587FE8111496E600C24B7A /* whiteArrow.png */ = {isa = PBXFileReference; lastKnownFileType = image.png; path = whiteArrow.png; sourceTree = "<group>"; };
		8C587FE9111496E600C24B7A /* blueArrow.png */ = {isa = PBXFileReference; lastKnownFileType = image.png; path = blueArrow.png; sourceTree = "<group>"; };
		8C587FEA111496E600C24B7A /* blackArrow.png */ = {isa = PBXFileReference; lastKnownFileType = image.png; path = blackArrow.png; sourceTree = "<group>"; };
		8C5BC43C1039ABB40005A028 /* chat.png */ = {isa = PBXFileReference; lastKnownFileType = image.png; path = chat.png; sourceTree = "<group>"; };
		8C5BC43D1039ABB40005A028 /* chat_small.png */ = {isa = PBXFileReference; lastKnownFileType = image.png; path = chat_small.png; sourceTree = "<group>"; };
		8C5BC7DF1039F9710005A028 /* CommentHeaderView.h */ = {isa = PBXFileReference; fileEncoding = 4; lastKnownFileType = sourcecode.c.h; path = CommentHeaderView.h; sourceTree = "<group>"; };
		8C5BC7E01039F9710005A028 /* CommentHeaderView.m */ = {isa = PBXFileReference; fileEncoding = 4; lastKnownFileType = sourcecode.c.objc; path = CommentHeaderView.m; sourceTree = "<group>"; };
		8C5BC88F1039FEB50005A028 /* chat_small_inverted.png */ = {isa = PBXFileReference; lastKnownFileType = image.png; path = chat_small_inverted.png; sourceTree = "<group>"; };
		8C6BB35411110D2C008B5D56 /* MBProgressHUD.m */ = {isa = PBXFileReference; fileEncoding = 4; lastKnownFileType = sourcecode.c.objc; path = MBProgressHUD.m; sourceTree = "<group>"; };
		8C6BB35511110D2C008B5D56 /* MBProgressHUD.h */ = {isa = PBXFileReference; fileEncoding = 4; lastKnownFileType = sourcecode.c.h; path = MBProgressHUD.h; sourceTree = "<group>"; };
		8C6BF49E114846970001939F /* DynamicCell.h */ = {isa = PBXFileReference; fileEncoding = 4; lastKnownFileType = sourcecode.c.h; path = DynamicCell.h; sourceTree = "<group>"; };
		8C6BF49F114846970001939F /* DynamicCell.m */ = {isa = PBXFileReference; fileEncoding = 4; lastKnownFileType = sourcecode.c.objc; path = DynamicCell.m; sourceTree = "<group>"; };
		8C6BF4A3114846FB0001939F /* NSSet+Core.h */ = {isa = PBXFileReference; fileEncoding = 4; lastKnownFileType = sourcecode.c.h; path = "NSSet+Core.h"; sourceTree = "<group>"; };
		8C6BF4A4114846FB0001939F /* NSSet+Core.m */ = {isa = PBXFileReference; fileEncoding = 4; lastKnownFileType = sourcecode.c.objc; path = "NSSet+Core.m"; sourceTree = "<group>"; };
		8C70E2290FE3216E0074DE16 /* TextInputController.xib */ = {isa = PBXFileReference; lastKnownFileType = file.xib; path = TextInputController.xib; sourceTree = "<group>"; };
		8C70E22C0FE321F30074DE16 /* TextFieldCell.h */ = {isa = PBXFileReference; fileEncoding = 4; lastKnownFileType = sourcecode.c.h; path = TextFieldCell.h; sourceTree = "<group>"; };
		8C70E22D0FE321F30074DE16 /* TextFieldCell.m */ = {isa = PBXFileReference; fileEncoding = 4; lastKnownFileType = sourcecode.c.objc; path = TextFieldCell.m; sourceTree = "<group>"; };
		8C762C7A111497F600A1FA85 /* QuartzCore.framework */ = {isa = PBXFileReference; lastKnownFileType = wrapper.framework; name = QuartzCore.framework; path = System/Library/Frameworks/QuartzCore.framework; sourceTree = SDKROOT; };
		8C7C5F3D10155C5B002A4C52 /* SystemConfiguration.framework */ = {isa = PBXFileReference; lastKnownFileType = wrapper.framework; name = SystemConfiguration.framework; path = System/Library/Frameworks/SystemConfiguration.framework; sourceTree = SDKROOT; };
		8C7C5F6010155D49002A4C52 /* Reachability.h */ = {isa = PBXFileReference; fileEncoding = 4; lastKnownFileType = sourcecode.c.h; path = Reachability.h; sourceTree = "<group>"; };
		8C7C5F6110155D49002A4C52 /* Reachability.m */ = {isa = PBXFileReference; fileEncoding = 4; lastKnownFileType = sourcecode.c.objc; path = Reachability.m; sourceTree = "<group>"; };
		8C81C1101110AC6300378558 /* chat_medium.png */ = {isa = PBXFileReference; lastKnownFileType = image.png; path = chat_medium.png; sourceTree = "<group>"; };
		8C81C1121110AC7F00378558 /* tag.png */ = {isa = PBXFileReference; lastKnownFileType = image.png; path = tag.png; sourceTree = "<group>"; };
		8C81C1171110ACE800378558 /* map-marker.png */ = {isa = PBXFileReference; lastKnownFileType = image.png; path = "map-marker.png"; sourceTree = "<group>"; };
		8C81C1351110AF4F00378558 /* storyheader.png */ = {isa = PBXFileReference; lastKnownFileType = image.png; path = storyheader.png; sourceTree = "<group>"; };
		8C826A7E0FD16A51008F9E51 /* SelectionListViewController.xib */ = {isa = PBXFileReference; lastKnownFileType = file.xib; path = SelectionListViewController.xib; sourceTree = "<group>"; };
		8C826AD20FD16D3B008F9E51 /* AddStoryViewController.h */ = {isa = PBXFileReference; fileEncoding = 4; lastKnownFileType = sourcecode.c.h; path = AddStoryViewController.h; sourceTree = "<group>"; };
		8C826AD30FD16D3B008F9E51 /* AddStoryViewController.m */ = {isa = PBXFileReference; fileEncoding = 4; lastKnownFileType = sourcecode.c.objc; path = AddStoryViewController.m; sourceTree = "<group>"; };
		8C826AD60FD16D7E008F9E51 /* AddStoryViewController.xib */ = {isa = PBXFileReference; lastKnownFileType = file.xib; path = AddStoryViewController.xib; sourceTree = "<group>"; };
		8C870CD4112B72F8001EDF46 /* RefreshArrow.png */ = {isa = PBXFileReference; lastKnownFileType = image.png; path = RefreshArrow.png; sourceTree = "<group>"; };
		8C99681F10422BD90079345A /* CoreGraphics.framework */ = {isa = PBXFileReference; lastKnownFileType = wrapper.framework; name = CoreGraphics.framework; path = System/Library/Frameworks/CoreGraphics.framework; sourceTree = SDKROOT; };
		8C9E3EA4104B35210033A3F0 /* PivotalTask.h */ = {isa = PBXFileReference; fileEncoding = 4; lastKnownFileType = sourcecode.c.h; path = PivotalTask.h; sourceTree = "<group>"; };
		8C9E3EA5104B35210033A3F0 /* PivotalTask.m */ = {isa = PBXFileReference; fileEncoding = 4; lastKnownFileType = sourcecode.c.objc; path = PivotalTask.m; sourceTree = "<group>"; };
		8CA098F40FCFB4A600846DBA /* IterationsViewController.h */ = {isa = PBXFileReference; fileEncoding = 4; lastKnownFileType = sourcecode.c.h; path = IterationsViewController.h; sourceTree = "<group>"; };
		8CA098F50FCFB4A600846DBA /* IterationsViewController.m */ = {isa = PBXFileReference; fileEncoding = 4; lastKnownFileType = sourcecode.c.objc; path = IterationsViewController.m; sourceTree = "<group>"; };
		8CA098F70FCFB4B900846DBA /* IterationsViewController.xib */ = {isa = PBXFileReference; lastKnownFileType = file.xib; path = IterationsViewController.xib; sourceTree = "<group>"; };
		8CA099010FCFB62900846DBA /* PivotalIterations.h */ = {isa = PBXFileReference; fileEncoding = 4; lastKnownFileType = sourcecode.c.h; path = PivotalIterations.h; sourceTree = "<group>"; };
		8CA099020FCFB62900846DBA /* PivotalIterations.m */ = {isa = PBXFileReference; fileEncoding = 4; lastKnownFileType = sourcecode.c.objc; path = PivotalIterations.m; sourceTree = "<group>"; };
		8CA099040FCFB63000846DBA /* PivotalIteration.h */ = {isa = PBXFileReference; fileEncoding = 4; lastKnownFileType = sourcecode.c.h; path = PivotalIteration.h; sourceTree = "<group>"; };
		8CA099050FCFB63000846DBA /* PivotalIteration.m */ = {isa = PBXFileReference; fileEncoding = 4; lastKnownFileType = sourcecode.c.objc; path = PivotalIteration.m; sourceTree = "<group>"; };
		8CA099070FCFB65900846DBA /* PivotalIterationsParserDelegate.h */ = {isa = PBXFileReference; fileEncoding = 4; lastKnownFileType = sourcecode.c.h; path = PivotalIterationsParserDelegate.h; sourceTree = "<group>"; };
		8CA099080FCFB65900846DBA /* PivotalIterationsParserDelegate.m */ = {isa = PBXFileReference; fileEncoding = 4; lastKnownFileType = sourcecode.c.objc; path = PivotalIterationsParserDelegate.m; sourceTree = "<group>"; };
		8CA0990A0FCFB70600846DBA /* PivotalStories.h */ = {isa = PBXFileReference; fileEncoding = 4; lastKnownFileType = sourcecode.c.h; path = PivotalStories.h; sourceTree = "<group>"; };
		8CA0990B0FCFB70600846DBA /* PivotalStories.m */ = {isa = PBXFileReference; fileEncoding = 4; lastKnownFileType = sourcecode.c.objc; path = PivotalStories.m; sourceTree = "<group>"; };
		8CA0990D0FCFB70E00846DBA /* PivotalStory.h */ = {isa = PBXFileReference; fileEncoding = 4; lastKnownFileType = sourcecode.c.h; path = PivotalStory.h; sourceTree = "<group>"; };
		8CA0990E0FCFB70E00846DBA /* PivotalStory.m */ = {isa = PBXFileReference; fileEncoding = 4; lastKnownFileType = sourcecode.c.objc; path = PivotalStory.m; sourceTree = "<group>"; };
		8CA09A4A0FD029D100846DBA /* IterationCell.h */ = {isa = PBXFileReference; fileEncoding = 4; lastKnownFileType = sourcecode.c.h; path = IterationCell.h; sourceTree = "<group>"; };
		8CA09A4B0FD029D100846DBA /* IterationCell.m */ = {isa = PBXFileReference; fileEncoding = 4; lastKnownFileType = sourcecode.c.objc; path = IterationCell.m; sourceTree = "<group>"; };
		8CA09B5A0FD038A100846DBA /* chore.png */ = {isa = PBXFileReference; lastKnownFileType = image.png; path = chore.png; sourceTree = "<group>"; };
		8CA09B5C0FD038AA00846DBA /* feature.png */ = {isa = PBXFileReference; lastKnownFileType = image.png; path = feature.png; sourceTree = "<group>"; };
		8CA09B9D0FD03A3D00846DBA /* release.png */ = {isa = PBXFileReference; lastKnownFileType = image.png; path = release.png; sourceTree = "<group>"; };
		8CA09C010FD04BEA00846DBA /* estimate_1pt.gif */ = {isa = PBXFileReference; lastKnownFileType = image.gif; path = estimate_1pt.gif; sourceTree = "<group>"; };
		8CA09C020FD04BEA00846DBA /* estimate_2pt.gif */ = {isa = PBXFileReference; lastKnownFileType = image.gif; path = estimate_2pt.gif; sourceTree = "<group>"; };
		8CA09C030FD04BEA00846DBA /* estimate_3pt.gif */ = {isa = PBXFileReference; lastKnownFileType = image.gif; path = estimate_3pt.gif; sourceTree = "<group>"; };
		8CA09C040FD04BEA00846DBA /* estimate_unestimated.gif */ = {isa = PBXFileReference; lastKnownFileType = image.gif; path = estimate_unestimated.gif; sourceTree = "<group>"; };
		8CA09C090FD04BF200846DBA /* bug.png */ = {isa = PBXFileReference; lastKnownFileType = image.png; path = bug.png; sourceTree = "<group>"; };
		8CA09CE80FD05B1300846DBA /* StoriesViewController.h */ = {isa = PBXFileReference; fileEncoding = 4; lastKnownFileType = sourcecode.c.h; path = StoriesViewController.h; sourceTree = "<group>"; };
		8CA09CE90FD05B1300846DBA /* StoriesViewController.m */ = {isa = PBXFileReference; fileEncoding = 4; lastKnownFileType = sourcecode.c.objc; path = StoriesViewController.m; sourceTree = "<group>"; };
		8CA09CEB0FD05B2300846DBA /* StoriesViewController.xib */ = {isa = PBXFileReference; lastKnownFileType = file.xib; path = StoriesViewController.xib; sourceTree = "<group>"; };
		8CA09D0C0FD05FB500846DBA /* PivotalStoriesParserDelegate.h */ = {isa = PBXFileReference; fileEncoding = 4; lastKnownFileType = sourcecode.c.h; path = PivotalStoriesParserDelegate.h; sourceTree = "<group>"; };
		8CA09D0D0FD05FB500846DBA /* PivotalStoriesParserDelegate.m */ = {isa = PBXFileReference; fileEncoding = 4; lastKnownFileType = sourcecode.c.objc; path = PivotalStoriesParserDelegate.m; sourceTree = "<group>"; };
		8CA966FE1135A96C002152EE /* story_comment_icon.png */ = {isa = PBXFileReference; lastKnownFileType = image.png; path = story_comment_icon.png; sourceTree = "<group>"; };
		8CB92D5D1117DF9F005F20AE /* LabelInputCell.h */ = {isa = PBXFileReference; fileEncoding = 4; lastKnownFileType = sourcecode.c.h; path = LabelInputCell.h; sourceTree = "<group>"; };
		8CB92D5E1117DF9F005F20AE /* LabelInputCell.m */ = {isa = PBXFileReference; fileEncoding = 4; lastKnownFileType = sourcecode.c.objc; path = LabelInputCell.m; sourceTree = "<group>"; };
		8CBBB4A20FF9531700A32C37 /* PivotalActivities.h */ = {isa = PBXFileReference; fileEncoding = 4; lastKnownFileType = sourcecode.c.h; path = PivotalActivities.h; sourceTree = "<group>"; };
		8CBBB4A30FF9531700A32C37 /* PivotalActivities.m */ = {isa = PBXFileReference; fileEncoding = 4; lastKnownFileType = sourcecode.c.objc; path = PivotalActivities.m; sourceTree = "<group>"; };
		8CBBB4A50FF9532100A32C37 /* PivotalActivity.h */ = {isa = PBXFileReference; fileEncoding = 4; lastKnownFileType = sourcecode.c.h; path = PivotalActivity.h; sourceTree = "<group>"; };
		8CBBB4A60FF9532100A32C37 /* PivotalActivity.m */ = {isa = PBXFileReference; fileEncoding = 4; lastKnownFileType = sourcecode.c.objc; path = PivotalActivity.m; sourceTree = "<group>"; };
		8CBBB4A80FF953BC00A32C37 /* PivotalActivityParserDelegate.h */ = {isa = PBXFileReference; fileEncoding = 4; lastKnownFileType = sourcecode.c.h; path = PivotalActivityParserDelegate.h; sourceTree = "<group>"; };
		8CBBB4A90FF953BC00A32C37 /* PivotalActivityParserDelegate.m */ = {isa = PBXFileReference; fileEncoding = 4; lastKnownFileType = sourcecode.c.objc; path = PivotalActivityParserDelegate.m; sourceTree = "<group>"; };
		8CBBB5140FF957D000A32C37 /* ActivityViewController.h */ = {isa = PBXFileReference; fileEncoding = 4; lastKnownFileType = sourcecode.c.h; path = ActivityViewController.h; sourceTree = "<group>"; };
		8CBBB5150FF957D000A32C37 /* ActivityViewController.m */ = {isa = PBXFileReference; fileEncoding = 4; lastKnownFileType = sourcecode.c.objc; path = ActivityViewController.m; sourceTree = "<group>"; };
		8CBBB5170FF957DB00A32C37 /* ActivityViewController.xib */ = {isa = PBXFileReference; lastKnownFileType = file.xib; path = ActivityViewController.xib; sourceTree = "<group>"; };
		8CC0E79310047A2800C7F6CB /* Default.png */ = {isa = PBXFileReference; lastKnownFileType = image.png; path = Default.png; sourceTree = "<group>"; };
		8CCB36060FD9635F00AEEE0E /* ImageLabelCell.h */ = {isa = PBXFileReference; fileEncoding = 4; lastKnownFileType = sourcecode.c.h; path = ImageLabelCell.h; sourceTree = "<group>"; };
		8CCB36070FD9635F00AEEE0E /* ImageLabelCell.m */ = {isa = PBXFileReference; fileEncoding = 4; lastKnownFileType = sourcecode.c.objc; path = ImageLabelCell.m; sourceTree = "<group>"; };
		8CCB37030FD9721400AEEE0E /* IterationHeaderView.h */ = {isa = PBXFileReference; fileEncoding = 4; lastKnownFileType = sourcecode.c.h; path = IterationHeaderView.h; sourceTree = "<group>"; };
		8CCB37040FD9721400AEEE0E /* IterationHeaderView.m */ = {isa = PBXFileReference; fileEncoding = 4; lastKnownFileType = sourcecode.c.objc; path = IterationHeaderView.m; sourceTree = "<group>"; };
		8CCEB6E21111E2AF00284B81 /* UITableViewCellContentView.m */ = {isa = PBXFileReference; fileEncoding = 4; lastKnownFileType = sourcecode.c.objc; path = UITableViewCellContentView.m; sourceTree = "<group>"; };
		8CCEB6E31111E2AF00284B81 /* UITableViewCellContentView.h */ = {isa = PBXFileReference; fileEncoding = 4; lastKnownFileType = sourcecode.c.h; path = UITableViewCellContentView.h; sourceTree = "<group>"; };
		8CD5BA12111232DA004B4553 /* AbstractHUDViewController.h */ = {isa = PBXFileReference; fileEncoding = 4; lastKnownFileType = sourcecode.c.h; path = AbstractHUDViewController.h; sourceTree = "<group>"; };
		8CD5BA13111232DA004B4553 /* AbstractHUDViewController.m */ = {isa = PBXFileReference; fileEncoding = 4; lastKnownFileType = sourcecode.c.objc; path = AbstractHUDViewController.m; sourceTree = "<group>"; };
		8CD5BA4911123531004B4553 /* PlaceholderCell.h */ = {isa = PBXFileReference; fileEncoding = 4; lastKnownFileType = sourcecode.c.h; path = PlaceholderCell.h; sourceTree = "<group>"; };
		8CD5BA4A11123531004B4553 /* PlaceholderCell.m */ = {isa = PBXFileReference; fileEncoding = 4; lastKnownFileType = sourcecode.c.objc; path = PlaceholderCell.m; sourceTree = "<group>"; };
		8CD5BB491112514C004B4553 /* TitleLabelCell.h */ = {isa = PBXFileReference; fileEncoding = 4; lastKnownFileType = sourcecode.c.h; path = TitleLabelCell.h; sourceTree = "<group>"; };
		8CD5BB4A1112514C004B4553 /* TitleLabelCell.m */ = {isa = PBXFileReference; fileEncoding = 4; lastKnownFileType = sourcecode.c.objc; path = TitleLabelCell.m; sourceTree = "<group>"; };
		8CD5BB5411125246004B4553 /* ProjectInfoViewController.h */ = {isa = PBXFileReference; fileEncoding = 4; lastKnownFileType = sourcecode.c.h; path = ProjectInfoViewController.h; sourceTree = "<group>"; };
		8CD5BB5511125246004B4553 /* ProjectInfoViewController.m */ = {isa = PBXFileReference; fileEncoding = 4; lastKnownFileType = sourcecode.c.objc; path = ProjectInfoViewController.m; sourceTree = "<group>"; };
		8CD5BB5611125246004B4553 /* ProjectInfoViewController.xib */ = {isa = PBXFileReference; lastKnownFileType = file.xib; name = ProjectInfoViewController.xib; path = Classes/ProjectInfoViewController.xib; sourceTree = "<group>"; };
		8CDB63390FCF5685003AC065 /* PivotalResource.h */ = {isa = PBXFileReference; fileEncoding = 4; lastKnownFileType = sourcecode.c.h; path = PivotalResource.h; sourceTree = "<group>"; };
		8CDB633A0FCF5685003AC065 /* PivotalResource.m */ = {isa = PBXFileReference; fileEncoding = 4; lastKnownFileType = sourcecode.c.objc; path = PivotalResource.m; sourceTree = "<group>"; };
		8CDB63410FCF58B9003AC065 /* PivotalProjects.h */ = {isa = PBXFileReference; fileEncoding = 4; lastKnownFileType = sourcecode.c.h; path = PivotalProjects.h; sourceTree = "<group>"; };
		8CDB63420FCF58B9003AC065 /* PivotalProjects.m */ = {isa = PBXFileReference; fileEncoding = 4; lastKnownFileType = sourcecode.c.objc; path = PivotalProjects.m; sourceTree = "<group>"; };
		8CDB63440FCF5D69003AC065 /* PivotalResourceParserDelegate.h */ = {isa = PBXFileReference; fileEncoding = 4; lastKnownFileType = sourcecode.c.h; path = PivotalResourceParserDelegate.h; sourceTree = "<group>"; };
		8CDB63450FCF5D69003AC065 /* PivotalResourceParserDelegate.m */ = {isa = PBXFileReference; fileEncoding = 4; lastKnownFileType = sourcecode.c.objc; path = PivotalResourceParserDelegate.m; sourceTree = "<group>"; };
		8CDB63470FCF5D9E003AC065 /* PivotalProjectsParserDelegate.h */ = {isa = PBXFileReference; fileEncoding = 4; lastKnownFileType = sourcecode.c.h; path = PivotalProjectsParserDelegate.h; sourceTree = "<group>"; };
		8CDB63480FCF5D9E003AC065 /* PivotalProjectsParserDelegate.m */ = {isa = PBXFileReference; fileEncoding = 4; lastKnownFileType = sourcecode.c.objc; path = PivotalProjectsParserDelegate.m; sourceTree = "<group>"; };
		8CDB634A0FCF5DD0003AC065 /* PivotalProject.h */ = {isa = PBXFileReference; fileEncoding = 4; lastKnownFileType = sourcecode.c.h; path = PivotalProject.h; sourceTree = "<group>"; };
		8CDB634B0FCF5DD0003AC065 /* PivotalProject.m */ = {isa = PBXFileReference; fileEncoding = 4; lastKnownFileType = sourcecode.c.objc; path = PivotalProject.m; sourceTree = "<group>"; };
		8CDB645A0FCF8D45003AC065 /* lightbulb.png */ = {isa = PBXFileReference; lastKnownFileType = image.png; path = lightbulb.png; sourceTree = "<group>"; };
		8CDB9C170FD9DBCA008B53D4 /* IterationStoryCell.h */ = {isa = PBXFileReference; fileEncoding = 4; lastKnownFileType = sourcecode.c.h; path = IterationStoryCell.h; sourceTree = "<group>"; };
		8CDB9C180FD9DBCA008B53D4 /* IterationStoryCell.m */ = {isa = PBXFileReference; fileEncoding = 4; lastKnownFileType = sourcecode.c.objc; path = IterationStoryCell.m; sourceTree = "<group>"; };
		8CDB9CD30FD9EA03008B53D4 /* CenteredLabelCell.h */ = {isa = PBXFileReference; fileEncoding = 4; lastKnownFileType = sourcecode.c.h; path = CenteredLabelCell.h; sourceTree = "<group>"; };
		8CDB9CD40FD9EA03008B53D4 /* CenteredLabelCell.m */ = {isa = PBXFileReference; fileEncoding = 4; lastKnownFileType = sourcecode.c.objc; path = CenteredLabelCell.m; sourceTree = "<group>"; };
		8CDB9DEB0FD9F05E008B53D4 /* ActivityLabelCell.h */ = {isa = PBXFileReference; fileEncoding = 4; lastKnownFileType = sourcecode.c.h; path = ActivityLabelCell.h; sourceTree = "<group>"; };
		8CDB9DEC0FD9F05E008B53D4 /* ActivityLabelCell.m */ = {isa = PBXFileReference; fileEncoding = 4; lastKnownFileType = sourcecode.c.objc; path = ActivityLabelCell.m; sourceTree = "<group>"; };
		8CE039D1112B54C800E76306 /* CHANGELOG */ = {isa = PBXFileReference; fileEncoding = 4; lastKnownFileType = text; path = CHANGELOG; sourceTree = "<group>"; };
		8CE039DB112B570400E76306 /* EGORefreshTableHeaderView.h */ = {isa = PBXFileReference; fileEncoding = 4; lastKnownFileType = sourcecode.c.h; path = EGORefreshTableHeaderView.h; sourceTree = "<group>"; };
		8CE039DC112B570400E76306 /* EGORefreshTableHeaderView.m */ = {isa = PBXFileReference; fileEncoding = 4; lastKnownFileType = sourcecode.c.objc; path = EGORefreshTableHeaderView.m; sourceTree = "<group>"; };
		8CE039DD112B570400E76306 /* PullToRefreshTableViewController.h */ = {isa = PBXFileReference; fileEncoding = 4; lastKnownFileType = sourcecode.c.h; path = PullToRefreshTableViewController.h; sourceTree = "<group>"; };
		8CE039DE112B570400E76306 /* PullToRefreshTableViewController.m */ = {isa = PBXFileReference; fileEncoding = 4; lastKnownFileType = sourcecode.c.objc; path = PullToRefreshTableViewController.m; sourceTree = "<group>"; };
		8CE039E3112B574900E76306 /* SoundEffect.h */ = {isa = PBXFileReference; fileEncoding = 4; lastKnownFileType = sourcecode.c.h; path = SoundEffect.h; sourceTree = "<group>"; };
		8CE039E4112B574900E76306 /* SoundEffect.m */ = {isa = PBXFileReference; fileEncoding = 4; lastKnownFileType = sourcecode.c.objc; path = SoundEffect.m; sourceTree = "<group>"; };
		8CE039F6112B577400E76306 /* AudioToolbox.framework */ = {isa = PBXFileReference; lastKnownFileType = wrapper.framework; name = AudioToolbox.framework; path = System/Library/Frameworks/AudioToolbox.framework; sourceTree = SDKROOT; };
		8CF6169A111CC76D002C315C /* ToolbarDown.png */ = {isa = PBXFileReference; lastKnownFileType = image.png; path = ToolbarDown.png; sourceTree = "<group>"; };
		8CF6169B111CC76D002C315C /* ToolbarUp.png */ = {isa = PBXFileReference; lastKnownFileType = image.png; path = ToolbarUp.png; sourceTree = "<group>"; };
		8D1107310486CEB800E47090 /* Info.plist */ = {isa = PBXFileReference; fileEncoding = 4; lastKnownFileType = text.plist.xml; path = Info.plist; sourceTree = "<group>"; };
/* End PBXFileReference section */

/* Begin PBXFrameworksBuildPhase section */
		1D60588F0D05DD3D006BFB54 /* Frameworks */ = {
			isa = PBXFrameworksBuildPhase;
			buildActionMask = 2147483647;
			files = (
				1D60589F0D05DD5A006BFB54 /* Foundation.framework in Frameworks */,
				1DF5F4E00D08C38300B7A737 /* UIKit.framework in Frameworks */,
				8C3FD3CA0FCF0BBD004D8DD0 /* CFNetwork.framework in Frameworks */,
				8C3FD3CE0FCF0BC5004D8DD0 /* libz.1.2.3.dylib in Frameworks */,
				8C7C5F3E10155C5B002A4C52 /* SystemConfiguration.framework in Frameworks */,
				8C99682010422BD90079345A /* CoreGraphics.framework in Frameworks */,
				8C762C7B111497F600A1FA85 /* QuartzCore.framework in Frameworks */,
				8CE039F7112B577400E76306 /* AudioToolbox.framework in Frameworks */,
			);
			runOnlyForDeploymentPostprocessing = 0;
		};
/* End PBXFrameworksBuildPhase section */

/* Begin PBXGroup section */
		080E96DDFE201D6D7F000001 /* Classes */ = {
			isa = PBXGroup;
			children = (
				8CB92D361117DCE1005F20AE /* Third Party */,
				8CF614FA111C8EA3002C315C /* Pivotal API */,
				8CA098F30FCFB47A00846DBA /* Controllers */,
				8CDB63AE0FCF86A9003AC065 /* Views & Cells */,
			);
			path = Classes;
			sourceTree = "<group>";
		};
		19C28FACFE9D520D11CA2CBB /* Products */ = {
			isa = PBXGroup;
			children = (
				1D6058910D05DD3D006BFB54 /* PTCruiser.app */,
			);
			name = Products;
			sourceTree = "<group>";
		};
		29B97314FDCFA39411CA2CEA /* iPivotal */ = {
			isa = PBXGroup;
			children = (
				080E96DDFE201D6D7F000001 /* Classes */,
				29B97315FDCFA39411CA2CEA /* Other Sources */,
				29B97317FDCFA39411CA2CEA /* Resources */,
				29B97323FDCFA39411CA2CEA /* Frameworks */,
				19C28FACFE9D520D11CA2CBB /* Products */,
			);
			name = iPivotal;
			sourceTree = "<group>";
		};
		29B97315FDCFA39411CA2CEA /* Other Sources */ = {
			isa = PBXGroup;
			children = (
				8C7C5F6010155D49002A4C52 /* Reachability.h */,
				8C7C5F6110155D49002A4C52 /* Reachability.m */,
				8C3FD5930FCF31F9004D8DD0 /* ApplicationConstants.h */,
				1D3623240D0F684500981E51 /* iPivotalAppDelegate.h */,
				1D3623250D0F684500981E51 /* iPivotalAppDelegate.m */,
				28A0AB4B0D9B1048005BE974 /* PTCruiser_Prefix.pch */,
				29B97316FDCFA39411CA2CEA /* main.m */,
			);
			name = "Other Sources";
			sourceTree = "<group>";
		};
		29B97317FDCFA39411CA2CEA /* Resources */ = {
			isa = PBXGroup;
			children = (
				8CE039D1112B54C800E76306 /* CHANGELOG */,
				8C50D6190FE1A86300F41900 /* Entitlements.plist */,
				8CDB63B30FCF87BD003AC065 /* IBFiles */,
				8C3FD3B00FCF0A4D004D8DD0 /* Images */,
				8D1107310486CEB800E47090 /* Info.plist */,
				8C255AA0103F5E2100DEE140 /* Localizable.strings */,
			);
			name = Resources;
			sourceTree = "<group>";
		};
		29B97323FDCFA39411CA2CEA /* Frameworks */ = {
			isa = PBXGroup;
			children = (
				8C99681F10422BD90079345A /* CoreGraphics.framework */,
				8C7C5F3D10155C5B002A4C52 /* SystemConfiguration.framework */,
				8C3FD3C90FCF0BBD004D8DD0 /* CFNetwork.framework */,
				8C3FD3CD0FCF0BC5004D8DD0 /* libz.1.2.3.dylib */,
				1DF5F4DF0D08C38300B7A737 /* UIKit.framework */,
				1D30AB110D05D00D00671497 /* Foundation.framework */,
				8C762C7A111497F600A1FA85 /* QuartzCore.framework */,
				8CE039F6112B577400E76306 /* AudioToolbox.framework */,
			);
			name = Frameworks;
			sourceTree = "<group>";
		};
		8C3FD3B00FCF0A4D004D8DD0 /* Images */ = {
			isa = PBXGroup;
			children = (
				8CC0E79310047A2800C7F6CB /* Default.png */,
				8C3FD3B20FCF0A84004D8DD0 /* Icon.png */,
				8CF6169A111CC76D002C315C /* ToolbarDown.png */,
				8CF6169B111CC76D002C315C /* ToolbarUp.png */,
				8C587FE7111496C500C24B7A /* EGOTableViewPullRefresh Images */,
				8CDB64590FCF8D3C003AC065 /* Icons */,
			);
			name = Images;
			path = ../ipivotal/Images;
			sourceTree = "<group>";
		};
		8C3FD3B60FCF0B29004D8DD0 /* ASI HTTP Library */ = {
			isa = PBXGroup;
			children = (
				8C561B87111000BB00AF33DC /* ASIS3Request.m */,
				8C561B88111000BB00AF33DC /* ASIS3Request.h */,
				8C561B89111000BB00AF33DC /* ASIS3ListRequest.m */,
				8C561B8A111000BB00AF33DC /* ASIS3ListRequest.h */,
				8C561B8B111000BB00AF33DC /* ASIS3BucketObject.m */,
				8C561B8C111000BB00AF33DC /* ASIS3BucketObject.h */,
				8C561B8D111000BB00AF33DC /* ASINSStringAdditions.m */,
				8C561B8E111000BB00AF33DC /* ASINSStringAdditions.h */,
				8C561B8F111000BB00AF33DC /* ASINetworkQueue.m */,
				8C561B90111000BB00AF33DC /* ASINetworkQueue.h */,
				8C561B91111000BB00AF33DC /* ASIInputStream.m */,
				8C561B92111000BB00AF33DC /* ASIInputStream.h */,
				8C561B93111000BB00AF33DC /* ASIHTTPRequestConfig.h */,
				8C561B94111000BB00AF33DC /* ASIHTTPRequest.m */,
				8C561B95111000BB00AF33DC /* ASIHTTPRequest.h */,
				8C561B96111000BB00AF33DC /* ASIFormDataRequest.m */,
				8C561B97111000BB00AF33DC /* ASIFormDataRequest.h */,
				8C561B98111000BB00AF33DC /* ASIAuthenticationDialog.m */,
				8C561B99111000BB00AF33DC /* ASIAuthenticationDialog.h */,
			);
			name = "ASI HTTP Library";
			sourceTree = "<group>";
		};
		8C3FD3C30FCF0B7C004D8DD0 /* Categories */ = {
			isa = PBXGroup;
			children = (
				8C6BF4A3114846FB0001939F /* NSSet+Core.h */,
				8C6BF4A4114846FB0001939F /* NSSet+Core.m */,
				8C3FD3C40FCF0B8B004D8DD0 /* NSDate+Nibware.m */,
				8C3FD3C50FCF0B8B004D8DD0 /* NSDate+Nibware.h */,
			);
			name = Categories;
			sourceTree = "<group>";
		};
		8C5224830FD094170090C625 /* Lists */ = {
			isa = PBXGroup;
			children = (
				8C826A7E0FD16A51008F9E51 /* SelectionListViewController.xib */,
			);
			name = Lists;
			sourceTree = "<group>";
		};
		8C587FE7111496C500C24B7A /* EGOTableViewPullRefresh Images */ = {
			isa = PBXGroup;
			children = (
				8C870CD4112B72F8001EDF46 /* RefreshArrow.png */,
				8C587FE8111496E600C24B7A /* whiteArrow.png */,
				8C587FE9111496E600C24B7A /* blueArrow.png */,
				8C587FEA111496E600C24B7A /* blackArrow.png */,
			);
			name = "EGOTableViewPullRefresh Images";
			sourceTree = "<group>";
		};
		8C6BB35111110D09008B5D56 /* MBProgressHUD */ = {
			isa = PBXGroup;
			children = (
				8C6BB35411110D2C008B5D56 /* MBProgressHUD.m */,
				8C6BB35511110D2C008B5D56 /* MBProgressHUD.h */,
			);
			name = MBProgressHUD;
			sourceTree = "<group>";
		};
		8C6BF49C114846880001939F /* DynamicCell */ = {
			isa = PBXGroup;
			children = (
				8C6BF49E114846970001939F /* DynamicCell.h */,
				8C6BF49F114846970001939F /* DynamicCell.m */,
			);
			name = DynamicCell;
			sourceTree = "<group>";
		};
		8CA098F30FCFB47A00846DBA /* Controllers */ = {
			isa = PBXGroup;
			children = (
				8CD5BA12111232DA004B4553 /* AbstractHUDViewController.h */,
				8CD5BA13111232DA004B4553 /* AbstractHUDViewController.m */,
				8CBBB5140FF957D000A32C37 /* ActivityViewController.h */,
				8CBBB5150FF957D000A32C37 /* ActivityViewController.m */,
				8C255AC5103F605100DEE140 /* AddCommentController.h */,
				8C255AC6103F605100DEE140 /* AddCommentController.m */,
				8C826AD20FD16D3B008F9E51 /* AddStoryViewController.h */,
				8C826AD30FD16D3B008F9E51 /* AddStoryViewController.m */,
				8C3FD4780FCF28D2004D8DD0 /* AuthenticationViewController.h */,
				8C3FD4790FCF28D2004D8DD0 /* AuthenticationViewController.m */,
				8C22322D1038DA4800A75012 /* CommentsController.h */,
				8C22322E1038DA4800A75012 /* CommentsController.m */,
				8CA098F40FCFB4A600846DBA /* IterationsViewController.h */,
				8CA098F50FCFB4A600846DBA /* IterationsViewController.m */,
				8C026D4B0FDCA771002CFEE0 /* ListSelectionController.h */,
				8C026D4C0FDCA771002CFEE0 /* ListSelectionController.m */,
				8CD5BB5411125246004B4553 /* ProjectInfoViewController.h */,
				8CD5BB5511125246004B4553 /* ProjectInfoViewController.m */,
				8C3FD4310FCF1C94004D8DD0 /* ProjectsViewController.h */,
				8C3FD4320FCF1C94004D8DD0 /* ProjectsViewController.m */,
				8CA09CE80FD05B1300846DBA /* StoriesViewController.h */,
				8CA09CE90FD05B1300846DBA /* StoriesViewController.m */,
				8C222B29103744CE00A75012 /* StoryDetailViewController.h */,
				8C222B2A103744CE00A75012 /* StoryDetailViewController.m */,
				8C43293C1135C24700FC2B52 /* TaskViewController.h */,
				8C43293D1135C24700FC2B52 /* TaskViewController.m */,
			);
			name = Controllers;
			sourceTree = "<group>";
		};
		8CB92D361117DCE1005F20AE /* Third Party */ = {
			isa = PBXGroup;
			children = (
				8C6BF49C114846880001939F /* DynamicCell */,
				8CE039DA112B56F600E76306 /* PullToRefresh */,
				8C3FD3C30FCF0B7C004D8DD0 /* Categories */,
				8C3FD3B60FCF0B29004D8DD0 /* ASI HTTP Library */,
				8C6BB35111110D09008B5D56 /* MBProgressHUD */,
				8CCEB6C11111DD8000284B81 /* 3.2 SDK Hack */,
			);
			name = "Third Party";
			sourceTree = "<group>";
		};
		8CCEB6C11111DD8000284B81 /* 3.2 SDK Hack */ = {
			isa = PBXGroup;
			children = (
				8CCEB6E21111E2AF00284B81 /* UITableViewCellContentView.m */,
				8CCEB6E31111E2AF00284B81 /* UITableViewCellContentView.h */,
			);
			name = "3.2 SDK Hack";
			sourceTree = "<group>";
		};
		8CDB632C0FCF4FF0003AC065 /* Domain */ = {
			isa = PBXGroup;
			children = (
				8CBBB4A20FF9531700A32C37 /* PivotalActivities.h */,
				8CBBB4A30FF9531700A32C37 /* PivotalActivities.m */,
				8CBBB4A50FF9532100A32C37 /* PivotalActivity.h */,
				8CBBB4A60FF9532100A32C37 /* PivotalActivity.m */,
				8C561A77110FF6E900AF33DC /* PivotalAttachment.h */,
				8C561A78110FF6E900AF33DC /* PivotalAttachment.m */,
				8C561A02110FE9BE00AF33DC /* PivotalIntegration.h */,
				8C561A03110FE9BE00AF33DC /* PivotalIntegration.m */,
				8CA099040FCFB63000846DBA /* PivotalIteration.h */,
				8CA099050FCFB63000846DBA /* PivotalIteration.m */,
				8CA099010FCFB62900846DBA /* PivotalIterations.h */,
				8CA099020FCFB62900846DBA /* PivotalIterations.m */,
				8C5619AA110FE6BF00AF33DC /* PivotalMembership.h */,
				8C5619AB110FE6BF00AF33DC /* PivotalMembership.m */,
				8C222A3C1036669D00A75012 /* PivotalNote.h */,
				8C222A3D1036669D00A75012 /* PivotalNote.m */,
				8CDB634A0FCF5DD0003AC065 /* PivotalProject.h */,
				8CDB634B0FCF5DD0003AC065 /* PivotalProject.m */,
				8CDB63410FCF58B9003AC065 /* PivotalProjects.h */,
				8CDB63420FCF58B9003AC065 /* PivotalProjects.m */,
				8CDB63390FCF5685003AC065 /* PivotalResource.h */,
				8CDB633A0FCF5685003AC065 /* PivotalResource.m */,
				8CA0990D0FCFB70E00846DBA /* PivotalStory.h */,
				8CA0990E0FCFB70E00846DBA /* PivotalStory.m */,
				8CA0990A0FCFB70600846DBA /* PivotalStories.h */,
				8CA0990B0FCFB70600846DBA /* PivotalStories.m */,
				8C9E3EA4104B35210033A3F0 /* PivotalTask.h */,
				8C9E3EA5104B35210033A3F0 /* PivotalTask.m */,
			);
			name = Domain;
			sourceTree = "<group>";
		};
		8CDB632D0FCF4FF7003AC065 /* Parsers */ = {
			isa = PBXGroup;
			children = (
				8CBBB4A80FF953BC00A32C37 /* PivotalActivityParserDelegate.h */,
				8CBBB4A90FF953BC00A32C37 /* PivotalActivityParserDelegate.m */,
				8CA099070FCFB65900846DBA /* PivotalIterationsParserDelegate.h */,
				8CA099080FCFB65900846DBA /* PivotalIterationsParserDelegate.m */,
				8C255C4F103F7D0300DEE140 /* PivotalNoteParserDelegate.h */,
				8C255C50103F7D0300DEE140 /* PivotalNoteParserDelegate.m */,
				8CDB63470FCF5D9E003AC065 /* PivotalProjectsParserDelegate.h */,
				8CDB63480FCF5D9E003AC065 /* PivotalProjectsParserDelegate.m */,
				8CDB63440FCF5D69003AC065 /* PivotalResourceParserDelegate.h */,
				8CDB63450FCF5D69003AC065 /* PivotalResourceParserDelegate.m */,
				8CA09D0C0FD05FB500846DBA /* PivotalStoriesParserDelegate.h */,
				8CA09D0D0FD05FB500846DBA /* PivotalStoriesParserDelegate.m */,
				8C561DB4111011B200AF33DC /* PivotalTokenParserDelegate.h */,
				8C561DB5111011B200AF33DC /* PivotalTokenParserDelegate.m */,
			);
			name = Parsers;
			sourceTree = "<group>";
		};
		8CDB63AE0FCF86A9003AC065 /* Views & Cells */ = {
			isa = PBXGroup;
			children = (
				8CDB9DEB0FD9F05E008B53D4 /* ActivityLabelCell.h */,
				8CDB9DEC0FD9F05E008B53D4 /* ActivityLabelCell.m */,
				8CDB9CD30FD9EA03008B53D4 /* CenteredLabelCell.h */,
				8CDB9CD40FD9EA03008B53D4 /* CenteredLabelCell.m */,
				8C2232C81038DED600A75012 /* CommentCell.h */,
				8C2232C91038DED600A75012 /* CommentCell.m */,
				8C5BC7DF1039F9710005A028 /* CommentHeaderView.h */,
				8C5BC7E01039F9710005A028 /* CommentHeaderView.m */,
				8CCB36060FD9635F00AEEE0E /* ImageLabelCell.h */,
				8CCB36070FD9635F00AEEE0E /* ImageLabelCell.m */,
				8CA09A4A0FD029D100846DBA /* IterationCell.h */,
				8CA09A4B0FD029D100846DBA /* IterationCell.m */,
				8CCB37030FD9721400AEEE0E /* IterationHeaderView.h */,
				8CCB37040FD9721400AEEE0E /* IterationHeaderView.m */,
				8CDB9C170FD9DBCA008B53D4 /* IterationStoryCell.h */,
				8CDB9C180FD9DBCA008B53D4 /* IterationStoryCell.m */,
				8C026B240FDC9829002CFEE0 /* LabelCell.h */,
				8C026B250FDC9829002CFEE0 /* LabelCell.m */,
				8C4329871135C5F600FC2B52 /* TaskCell.h */,
				8C4329881135C5F600FC2B52 /* TaskCell.m */,
				8CB92D5D1117DF9F005F20AE /* LabelInputCell.h */,
				8CB92D5E1117DF9F005F20AE /* LabelInputCell.m */,
				8CD5BA4911123531004B4553 /* PlaceholderCell.h */,
				8CD5BA4A11123531004B4553 /* PlaceholderCell.m */,
				8C70E22C0FE321F30074DE16 /* TextFieldCell.h */,
				8C70E22D0FE321F30074DE16 /* TextFieldCell.m */,
				8CD5BB491112514C004B4553 /* TitleLabelCell.h */,
				8CD5BB4A1112514C004B4553 /* TitleLabelCell.m */,
			);
			name = "Views & Cells";
			sourceTree = "<group>";
		};
		8CDB63B30FCF87BD003AC065 /* IBFiles */ = {
			isa = PBXGroup;
			children = (
				8C5224830FD094170090C625 /* Lists */,
				8CBBB5170FF957DB00A32C37 /* ActivityViewController.xib */,
				8C255AC8103F606C00DEE140 /* AddComment.xib */,
				8C826AD60FD16D7E008F9E51 /* AddStoryViewController.xib */,
				8C3FD4750FCF285B004D8DD0 /* AuthenticationViewController.xib */,
				8C22334D1038E12F00A75012 /* CommentCell.xib */,
				8C2232301038DA5C00A75012 /* CommentsController.xib */,
				8CA098F70FCFB4B900846DBA /* IterationsViewController.xib */,
				8C026D570FDCA96C002CFEE0 /* ListSelectionController.xib */,
				8C3FD3F90FCF1AD0004D8DD0 /* MainWindow.xib */,
				8CD5BB5611125246004B4553 /* ProjectInfoViewController.xib */,
				8C3FD4360FCF1CA7004D8DD0 /* ProjectsViewController.xib */,
				8C222B2C103744E500A75012 /* StoryDetailViewController.xib */,
				8CA09CEB0FD05B2300846DBA /* StoriesViewController.xib */,
				8C70E2290FE3216E0074DE16 /* TextInputController.xib */,
				8C43293E1135C24700FC2B52 /* TaskViewController.xib */,
			);
			name = IBFiles;
			sourceTree = "<group>";
		};
		8CDB64590FCF8D3C003AC065 /* Icons */ = {
			isa = PBXGroup;
			children = (
				8CA966FE1135A96C002152EE /* story_comment_icon.png */,
				8C81C1351110AF4F00378558 /* storyheader.png */,
				8C81C1171110ACE800378558 /* map-marker.png */,
				8C81C1121110AC7F00378558 /* tag.png */,
				8C81C1101110AC6300378558 /* chat_medium.png */,
				8C5BC88F1039FEB50005A028 /* chat_small_inverted.png */,
				8C5BC43C1039ABB40005A028 /* chat.png */,
				8C5BC43D1039ABB40005A028 /* chat_small.png */,
				8C222E4910378FA200A75012 /* button_green.png */,
				8C222E4A10378FA200A75012 /* button_grey_dark.png */,
				8C222E4B10378FA200A75012 /* button_grey_light.png */,
				8C222E4C10378FA200A75012 /* button_red.png */,
				8C3E6DEA0FF9C183005BCC4E /* 77-ekg.png */,
				8CA09C090FD04BF200846DBA /* bug.png */,
				8CA09C010FD04BEA00846DBA /* estimate_1pt.gif */,
				8CA09C020FD04BEA00846DBA /* estimate_2pt.gif */,
				8CA09C030FD04BEA00846DBA /* estimate_3pt.gif */,
				8CA09C040FD04BEA00846DBA /* estimate_unestimated.gif */,
				8CA09B9D0FD03A3D00846DBA /* release.png */,
				8CA09B5C0FD038AA00846DBA /* feature.png */,
				8CA09B5A0FD038A100846DBA /* chore.png */,
				8CDB645A0FCF8D45003AC065 /* lightbulb.png */,
			);
			name = Icons;
			sourceTree = "<group>";
		};
		8CE039DA112B56F600E76306 /* PullToRefresh */ = {
			isa = PBXGroup;
			children = (
				8CE039E3112B574900E76306 /* SoundEffect.h */,
				8CE039E4112B574900E76306 /* SoundEffect.m */,
				8CE039DB112B570400E76306 /* EGORefreshTableHeaderView.h */,
				8CE039DC112B570400E76306 /* EGORefreshTableHeaderView.m */,
				8CE039DD112B570400E76306 /* PullToRefreshTableViewController.h */,
				8CE039DE112B570400E76306 /* PullToRefreshTableViewController.m */,
			);
			name = PullToRefresh;
			sourceTree = "<group>";
		};
		8CF614FA111C8EA3002C315C /* Pivotal API */ = {
			isa = PBXGroup;
			children = (
				8CDB632C0FCF4FF0003AC065 /* Domain */,
				8CDB632D0FCF4FF7003AC065 /* Parsers */,
			);
			name = "Pivotal API";
			sourceTree = "<group>";
		};
/* End PBXGroup section */

/* Begin PBXNativeTarget section */
		1D6058900D05DD3D006BFB54 /* PTCruiser */ = {
			isa = PBXNativeTarget;
			buildConfigurationList = 1D6058960D05DD3E006BFB54 /* Build configuration list for PBXNativeTarget "PTCruiser" */;
			buildPhases = (
				1D60588D0D05DD3D006BFB54 /* Resources */,
				1D60588E0D05DD3D006BFB54 /* Sources */,
				1D60588F0D05DD3D006BFB54 /* Frameworks */,
			);
			buildRules = (
			);
			dependencies = (
			);
			name = PTCruiser;
			productName = iPivotal;
			productReference = 1D6058910D05DD3D006BFB54 /* PTCruiser.app */;
			productType = "com.apple.product-type.application";
		};
/* End PBXNativeTarget section */

/* Begin PBXProject section */
		29B97313FDCFA39411CA2CEA /* Project object */ = {
			isa = PBXProject;
			buildConfigurationList = C01FCF4E08A954540054247B /* Build configuration list for PBXProject "PTCruiser" */;
			compatibilityVersion = "Xcode 3.2";
			hasScannedForEncodings = 1;
			mainGroup = 29B97314FDCFA39411CA2CEA /* iPivotal */;
			projectDirPath = "";
			projectRoot = "";
			targets = (
				1D6058900D05DD3D006BFB54 /* PTCruiser */,
			);
		};
/* End PBXProject section */

/* Begin PBXResourcesBuildPhase section */
		1D60588D0D05DD3D006BFB54 /* Resources */ = {
			isa = PBXResourcesBuildPhase;
			buildActionMask = 2147483647;
			files = (
				8C3FD3B40FCF0A84004D8DD0 /* Icon.png in Resources */,
				8C3FD3FA0FCF1AD0004D8DD0 /* MainWindow.xib in Resources */,
				8C3FD4370FCF1CA7004D8DD0 /* ProjectsViewController.xib in Resources */,
				8C3FD4760FCF285B004D8DD0 /* AuthenticationViewController.xib in Resources */,
				8CDB645B0FCF8D45003AC065 /* lightbulb.png in Resources */,
				8CA098F80FCFB4B900846DBA /* IterationsViewController.xib in Resources */,
				8CA09B5B0FD038A100846DBA /* chore.png in Resources */,
				8CA09B5D0FD038AA00846DBA /* feature.png in Resources */,
				8CA09B9E0FD03A3D00846DBA /* release.png in Resources */,
				8CA09C050FD04BEA00846DBA /* estimate_1pt.gif in Resources */,
				8CA09C060FD04BEA00846DBA /* estimate_2pt.gif in Resources */,
				8CA09C070FD04BEA00846DBA /* estimate_3pt.gif in Resources */,
				8CA09C080FD04BEA00846DBA /* estimate_unestimated.gif in Resources */,
				8CA09C0A0FD04BF200846DBA /* bug.png in Resources */,
				8CA09CEC0FD05B2300846DBA /* StoriesViewController.xib in Resources */,
				8C826A7F0FD16A51008F9E51 /* SelectionListViewController.xib in Resources */,
				8C826AD70FD16D7E008F9E51 /* AddStoryViewController.xib in Resources */,
				8C026D580FDCA96C002CFEE0 /* ListSelectionController.xib in Resources */,
				8C50D61A0FE1A86300F41900 /* Entitlements.plist in Resources */,
				8C70E22A0FE3216E0074DE16 /* TextInputController.xib in Resources */,
				8CBBB5180FF957DB00A32C37 /* ActivityViewController.xib in Resources */,
				8C3E6DEB0FF9C183005BCC4E /* 77-ekg.png in Resources */,
				8CC0E79410047A2800C7F6CB /* Default.png in Resources */,
				8C222B2D103744E500A75012 /* StoryDetailViewController.xib in Resources */,
				8C222E4D10378FA200A75012 /* button_green.png in Resources */,
				8C222E4E10378FA200A75012 /* button_grey_dark.png in Resources */,
				8C222E4F10378FA200A75012 /* button_grey_light.png in Resources */,
				8C222E5010378FA200A75012 /* button_red.png in Resources */,
				8C2232311038DA5C00A75012 /* CommentsController.xib in Resources */,
				8C22334E1038E12F00A75012 /* CommentCell.xib in Resources */,
				8C5BC43E1039ABB40005A028 /* chat.png in Resources */,
				8C5BC43F1039ABB40005A028 /* chat_small.png in Resources */,
				8C5BC8901039FEB50005A028 /* chat_small_inverted.png in Resources */,
				8C255AA1103F5E2100DEE140 /* Localizable.strings in Resources */,
				8C255AC9103F606C00DEE140 /* AddComment.xib in Resources */,
				8C81C1111110AC6300378558 /* chat_medium.png in Resources */,
				8C81C1131110AC7F00378558 /* tag.png in Resources */,
				8C81C1181110ACE800378558 /* map-marker.png in Resources */,
				8C81C1361110AF4F00378558 /* storyheader.png in Resources */,
				8CD5BB5811125246004B4553 /* ProjectInfoViewController.xib in Resources */,
				8C587FEB111496E600C24B7A /* whiteArrow.png in Resources */,
				8C587FEC111496E600C24B7A /* blueArrow.png in Resources */,
				8C587FED111496E600C24B7A /* blackArrow.png in Resources */,
				8CF6169C111CC76D002C315C /* ToolbarDown.png in Resources */,
				8CF6169D111CC76D002C315C /* ToolbarUp.png in Resources */,
				8CE039D2112B54C800E76306 /* CHANGELOG in Resources */,
				8C870CD5112B72F8001EDF46 /* RefreshArrow.png in Resources */,
				8CA966FF1135A96C002152EE /* story_comment_icon.png in Resources */,
				8C4329401135C24700FC2B52 /* TaskViewController.xib in Resources */,
			);
			runOnlyForDeploymentPostprocessing = 0;
		};
/* End PBXResourcesBuildPhase section */

/* Begin PBXSourcesBuildPhase section */
		1D60588E0D05DD3D006BFB54 /* Sources */ = {
			isa = PBXSourcesBuildPhase;
			buildActionMask = 2147483647;
			files = (
				1D60589B0D05DD56006BFB54 /* main.m in Sources */,
				1D3623260D0F684500981E51 /* iPivotalAppDelegate.m in Sources */,
				8C3FD3C60FCF0B8B004D8DD0 /* NSDate+Nibware.m in Sources */,
				8C3FD4330FCF1C94004D8DD0 /* ProjectsViewController.m in Sources */,
				8C3FD47A0FCF28D2004D8DD0 /* AuthenticationViewController.m in Sources */,
				8CDB633B0FCF5685003AC065 /* PivotalResource.m in Sources */,
				8CDB63430FCF58B9003AC065 /* PivotalProjects.m in Sources */,
				8CDB63460FCF5D69003AC065 /* PivotalResourceParserDelegate.m in Sources */,
				8CDB63490FCF5D9E003AC065 /* PivotalProjectsParserDelegate.m in Sources */,
				8CDB634C0FCF5DD0003AC065 /* PivotalProject.m in Sources */,
				8CA098F60FCFB4A600846DBA /* IterationsViewController.m in Sources */,
				8CA099030FCFB62900846DBA /* PivotalIterations.m in Sources */,
				8CA099060FCFB63000846DBA /* PivotalIteration.m in Sources */,
				8CA099090FCFB65900846DBA /* PivotalIterationsParserDelegate.m in Sources */,
				8CA0990C0FCFB70600846DBA /* PivotalStories.m in Sources */,
				8CA0990F0FCFB70E00846DBA /* PivotalStory.m in Sources */,
				8CA09A4C0FD029D100846DBA /* IterationCell.m in Sources */,
				8CA09CEA0FD05B1300846DBA /* StoriesViewController.m in Sources */,
				8CA09D0E0FD05FB500846DBA /* PivotalStoriesParserDelegate.m in Sources */,
				8C826AD40FD16D3B008F9E51 /* AddStoryViewController.m in Sources */,
				8CCB36080FD9635F00AEEE0E /* ImageLabelCell.m in Sources */,
				8CCB37050FD9721400AEEE0E /* IterationHeaderView.m in Sources */,
				8CDB9C190FD9DBCA008B53D4 /* IterationStoryCell.m in Sources */,
				8CDB9CD50FD9EA03008B53D4 /* CenteredLabelCell.m in Sources */,
				8CDB9DED0FD9F05E008B53D4 /* ActivityLabelCell.m in Sources */,
				8C026B260FDC9829002CFEE0 /* LabelCell.m in Sources */,
				8C026D4D0FDCA771002CFEE0 /* ListSelectionController.m in Sources */,
				8C70E22E0FE321F30074DE16 /* TextFieldCell.m in Sources */,
				8CBBB4A40FF9531700A32C37 /* PivotalActivities.m in Sources */,
				8CBBB4A70FF9532100A32C37 /* PivotalActivity.m in Sources */,
				8CBBB4AA0FF953BC00A32C37 /* PivotalActivityParserDelegate.m in Sources */,
				8CBBB5160FF957D000A32C37 /* ActivityViewController.m in Sources */,
				8C7C5F6210155D49002A4C52 /* Reachability.m in Sources */,
				8C222A3E1036669D00A75012 /* PivotalNote.m in Sources */,
				8C222B2B103744CE00A75012 /* StoryDetailViewController.m in Sources */,
				8C22322F1038DA4800A75012 /* CommentsController.m in Sources */,
				8C2232CA1038DED600A75012 /* CommentCell.m in Sources */,
				8C5BC7E11039F9710005A028 /* CommentHeaderView.m in Sources */,
				8C255AC7103F605100DEE140 /* AddCommentController.m in Sources */,
				8C255C51103F7D0300DEE140 /* PivotalNoteParserDelegate.m in Sources */,
				8C9E3EA6104B35210033A3F0 /* PivotalTask.m in Sources */,
				8C5619AC110FE6BF00AF33DC /* PivotalMembership.m in Sources */,
				8C561A04110FE9BE00AF33DC /* PivotalIntegration.m in Sources */,
				8C561A79110FF6E900AF33DC /* PivotalAttachment.m in Sources */,
				8C561B9A111000BB00AF33DC /* ASIS3Request.m in Sources */,
				8C561B9B111000BB00AF33DC /* ASIS3ListRequest.m in Sources */,
				8C561B9C111000BB00AF33DC /* ASIS3BucketObject.m in Sources */,
				8C561B9D111000BB00AF33DC /* ASINSStringAdditions.m in Sources */,
				8C561B9E111000BB00AF33DC /* ASINetworkQueue.m in Sources */,
				8C561B9F111000BB00AF33DC /* ASIInputStream.m in Sources */,
				8C561BA0111000BB00AF33DC /* ASIHTTPRequest.m in Sources */,
				8C561BA1111000BB00AF33DC /* ASIFormDataRequest.m in Sources */,
				8C561BA2111000BB00AF33DC /* ASIAuthenticationDialog.m in Sources */,
				8C561DB6111011B200AF33DC /* PivotalTokenParserDelegate.m in Sources */,
				8C6BB35611110D2C008B5D56 /* MBProgressHUD.m in Sources */,
				8CCEB6E41111E2AF00284B81 /* UITableViewCellContentView.m in Sources */,
				8CD5BA14111232DA004B4553 /* AbstractHUDViewController.m in Sources */,
				8CD5BA4B11123531004B4553 /* PlaceholderCell.m in Sources */,
				8CD5BB4B1112514C004B4553 /* TitleLabelCell.m in Sources */,
				8CD5BB5711125246004B4553 /* ProjectInfoViewController.m in Sources */,
				8CB92D5F1117DF9F005F20AE /* LabelInputCell.m in Sources */,
				8CE039DF112B570400E76306 /* EGORefreshTableHeaderView.m in Sources */,
				8CE039E0112B570400E76306 /* PullToRefreshTableViewController.m in Sources */,
				8CE039E5112B574900E76306 /* SoundEffect.m in Sources */,
				8C43293F1135C24700FC2B52 /* TaskViewController.m in Sources */,
				8C4329891135C5F600FC2B52 /* TaskCell.m in Sources */,
				8C6BF4A0114846970001939F /* DynamicCell.m in Sources */,
				8C6BF4A5114846FB0001939F /* NSSet+Core.m in Sources */,
			);
			runOnlyForDeploymentPostprocessing = 0;
		};
/* End PBXSourcesBuildPhase section */

/* Begin PBXVariantGroup section */
		8C255AA0103F5E2100DEE140 /* Localizable.strings */ = {
			isa = PBXVariantGroup;
			children = (
				8C255A9E103F5E0F00DEE140 /* English */,
			);
			name = Localizable.strings;
			sourceTree = "<group>";
		};
/* End PBXVariantGroup section */

/* Begin XCBuildConfiguration section */
		1D6058940D05DD3E006BFB54 /* Debug */ = {
			isa = XCBuildConfiguration;
			buildSettings = {
				ALWAYS_SEARCH_USER_PATHS = NO;
				CODE_SIGN_ENTITLEMENTS = "";
				"CODE_SIGN_IDENTITY[sdk=iphoneos*]" = "iPhone Developer: Mark Lussier";
				COPY_PHASE_STRIP = NO;
				GCC_DYNAMIC_NO_PIC = NO;
				GCC_OPTIMIZATION_LEVEL = 0;
				GCC_PRECOMPILE_PREFIX_HEADER = YES;
				GCC_PREFIX_HEADER = PTCruiser_Prefix.pch;
				INFOPLIST_FILE = Info.plist;
				PRODUCT_NAME = PTCruiser;
				"PROVISIONING_PROFILE[sdk=iphoneos*]" = "F7092630-1890-4D68-B8BB-2BBA5CE771EB";
			};
			name = Debug;
		};
		1D6058950D05DD3E006BFB54 /* Release */ = {
			isa = XCBuildConfiguration;
			buildSettings = {
				ALWAYS_SEARCH_USER_PATHS = NO;
				CODE_SIGN_ENTITLEMENTS = "";
				"CODE_SIGN_IDENTITY[sdk=iphoneos*]" = "iPhone Developer: Mark Lussier";
				COPY_PHASE_STRIP = YES;
				GCC_PRECOMPILE_PREFIX_HEADER = YES;
				GCC_PREFIX_HEADER = PTCruiser_Prefix.pch;
				INFOPLIST_FILE = Info.plist;
				PRODUCT_NAME = PTCruiser;
				"PROVISIONING_PROFILE[sdk=iphoneos*]" = "393643DA-E171-4782-A31C-6DEFBE945F38";
			};
			name = Release;
		};
		8C4D64290FFADE48008E7478 /* Distribution */ = {
			isa = XCBuildConfiguration;
			buildSettings = {
				ARCHS = "$(ARCHS_STANDARD_32_BIT)";
				"CODE_SIGN_IDENTITY[sdk=iphoneos*]" = "iPhone Developer";
				GCC_C_LANGUAGE_STANDARD = c99;
				GCC_WARN_ABOUT_RETURN_TYPE = YES;
				GCC_WARN_UNUSED_VARIABLE = YES;
				PREBINDING = NO;
				"PROVISIONING_PROFILE[sdk=iphoneos*]" = "";
				SDKROOT = iphoneos3.0;
			};
			name = Distribution;
		};
		8C4D642A0FFADE48008E7478 /* Distribution */ = {
			isa = XCBuildConfiguration;
			buildSettings = {
				ALWAYS_SEARCH_USER_PATHS = NO;
				CODE_SIGN_ENTITLEMENTS = Entitlements.plist;
				"CODE_SIGN_IDENTITY[sdk=iphoneos*]" = "iPhone Distribution: Mark Lussier";
				COPY_PHASE_STRIP = YES;
				GCC_PRECOMPILE_PREFIX_HEADER = YES;
				GCC_PREFIX_HEADER = PTCruiser_Prefix.pch;
				INFOPLIST_FILE = Info.plist;
				PRODUCT_NAME = PTCruiser;
				"PROVISIONING_PROFILE[sdk=iphoneos*]" = "168E0D8E-CCE4-4F8F-924C-FB61A35F1023";
			};
			name = Distribution;
		};
		C01FCF4F08A954540054247B /* Debug */ = {
			isa = XCBuildConfiguration;
			buildSettings = {
				ARCHS = "$(ARCHS_STANDARD_32_BIT)";
				"CODE_SIGN_IDENTITY[sdk=iphoneos*]" = "iPhone Developer: Mark Lussier";
				GCC_C_LANGUAGE_STANDARD = c99;
				GCC_WARN_ABOUT_RETURN_TYPE = YES;
				GCC_WARN_UNUSED_VARIABLE = YES;
				ONLY_ACTIVE_ARCH = YES;
				PREBINDING = NO;
				"PROVISIONING_PROFILE[sdk=iphoneos*]" = "384E130B-D7BF-46CB-A236-6516BE5023B4";
				SDKROOT = iphoneos3.0;
			};
			name = Debug;
		};
		C01FCF5008A954540054247B /* Release */ = {
			isa = XCBuildConfiguration;
			buildSettings = {
				ARCHS = "$(ARCHS_STANDARD_32_BIT)";
				"CODE_SIGN_IDENTITY[sdk=iphoneos*]" = "iPhone Distribution: Mark Lussier";
				GCC_C_LANGUAGE_STANDARD = c99;
				GCC_WARN_ABOUT_RETURN_TYPE = YES;
				GCC_WARN_UNUSED_VARIABLE = YES;
				PREBINDING = NO;
				"PROVISIONING_PROFILE[sdk=iphoneos*]" = "958BE20A-C63D-478E-97A1-E86C03B4094B";
				SDKROOT = iphoneos3.0;
			};
			name = Release;
		};
/* End XCBuildConfiguration section */

/* Begin XCConfigurationList section */
		1D6058960D05DD3E006BFB54 /* Build configuration list for PBXNativeTarget "PTCruiser" */ = {
			isa = XCConfigurationList;
			buildConfigurations = (
				1D6058940D05DD3E006BFB54 /* Debug */,
				1D6058950D05DD3E006BFB54 /* Release */,
				8C4D642A0FFADE48008E7478 /* Distribution */,
			);
			defaultConfigurationIsVisible = 0;
			defaultConfigurationName = Release;
		};
		C01FCF4E08A954540054247B /* Build configuration list for PBXProject "PTCruiser" */ = {
			isa = XCConfigurationList;
			buildConfigurations = (
				C01FCF4F08A954540054247B /* Debug */,
				C01FCF5008A954540054247B /* Release */,
				8C4D64290FFADE48008E7478 /* Distribution */,
			);
			defaultConfigurationIsVisible = 0;
			defaultConfigurationName = Release;
		};
/* End XCConfigurationList section */
	};
	rootObject = 29B97313FDCFA39411CA2CEA /* Project object */;
}
